<?xml version="1.0" encoding="UTF-8"?>
<!DOCTYPE plist PUBLIC "-//Apple//DTD PLIST 1.0//EN" "http://www.apple.com/DTDs/PropertyList-1.0.dtd">
<plist version="1.0">
<dict>
	<key>archiveVersion</key>
	<string>1</string>
	<key>classes</key>
	<dict/>
	<key>objectVersion</key>
	<string>46</string>
	<key>objects</key>
	<dict>
		<key>17024251391FD01DFA5B3037</key>
		<dict>
			<key>explicitFileType</key>
			<string>wrapper.framework</string>
			<key>includeInIndex</key>
			<string>0</string>
			<key>isa</key>
			<string>PBXFileReference</string>
			<key>path</key>
			<string>Pods_LiveStone.framework</string>
			<key>sourceTree</key>
			<string>BUILT_PRODUCTS_DIR</string>
		</dict>
		<key>1A4278716FE80B907DE968DC</key>
		<dict>
			<key>children</key>
			<array>
				<string>1F9273472F373C42AD669316</string>
				<string>30F2FDAF1E60F44AAA4FC4F1</string>
			</array>
			<key>isa</key>
			<string>PBXGroup</string>
			<key>name</key>
			<string>Pods</string>
			<key>sourceTree</key>
			<string>&lt;group&gt;</string>
		</dict>
		<key>1F9273472F373C42AD669316</key>
		<dict>
			<key>includeInIndex</key>
			<string>1</string>
			<key>isa</key>
			<string>PBXFileReference</string>
			<key>lastKnownFileType</key>
			<string>text.xcconfig</string>
			<key>name</key>
			<string>Pods-LiveStone.debug.xcconfig</string>
			<key>path</key>
			<string>Pods/Target Support Files/Pods-LiveStone/Pods-LiveStone.debug.xcconfig</string>
			<key>sourceTree</key>
			<string>&lt;group&gt;</string>
		</dict>
		<key>30F2FDAF1E60F44AAA4FC4F1</key>
		<dict>
			<key>includeInIndex</key>
			<string>1</string>
			<key>isa</key>
			<string>PBXFileReference</string>
			<key>lastKnownFileType</key>
			<string>text.xcconfig</string>
			<key>name</key>
			<string>Pods-LiveStone.release.xcconfig</string>
			<key>path</key>
			<string>Pods/Target Support Files/Pods-LiveStone/Pods-LiveStone.release.xcconfig</string>
			<key>sourceTree</key>
			<string>&lt;group&gt;</string>
		</dict>
		<key>48F3E0FA307752BF66939D0A</key>
		<dict>
			<key>fileRef</key>
			<string>17024251391FD01DFA5B3037</string>
			<key>isa</key>
			<string>PBXBuildFile</string>
		</dict>
		<key>55EF5B8A06BDFC6F52ECAA85</key>
		<dict>
			<key>buildActionMask</key>
			<string>2147483647</string>
			<key>files</key>
			<array/>
			<key>inputPaths</key>
			<array/>
			<key>isa</key>
			<string>PBXShellScriptBuildPhase</string>
			<key>name</key>
			<string>Embed Pods Frameworks</string>
			<key>outputPaths</key>
			<array/>
			<key>runOnlyForDeploymentPostprocessing</key>
			<string>0</string>
			<key>shellPath</key>
			<string>/bin/sh</string>
			<key>shellScript</key>
			<string>"${SRCROOT}/Pods/Target Support Files/Pods-LiveStone/Pods-LiveStone-frameworks.sh"
</string>
			<key>showEnvVarsInLog</key>
			<string>0</string>
		</dict>
		<key>8F1BBBE4D7D2A9C5F3D96BD2</key>
		<dict>
			<key>buildActionMask</key>
			<string>2147483647</string>
			<key>files</key>
			<array/>
			<key>inputPaths</key>
			<array/>
			<key>isa</key>
			<string>PBXShellScriptBuildPhase</string>
			<key>name</key>
			<string>Check Pods Manifest.lock</string>
			<key>outputPaths</key>
			<array/>
			<key>runOnlyForDeploymentPostprocessing</key>
			<string>0</string>
			<key>shellPath</key>
			<string>/bin/sh</string>
			<key>shellScript</key>
			<string>diff "${PODS_ROOT}/../Podfile.lock" "${PODS_ROOT}/Manifest.lock" &gt; /dev/null
if [[ $? != 0 ]] ; then
    cat &lt;&lt; EOM
error: The sandbox is not in sync with the Podfile.lock. Run 'pod install' or update your CocoaPods installation.
EOM
    exit 1
fi
</string>
			<key>showEnvVarsInLog</key>
			<string>0</string>
		</dict>
		<key>E36876D09878F3207E9FF855</key>
		<dict>
			<key>buildActionMask</key>
			<string>2147483647</string>
			<key>files</key>
			<array/>
			<key>inputPaths</key>
			<array/>
			<key>isa</key>
			<string>PBXShellScriptBuildPhase</string>
			<key>name</key>
			<string>Copy Pods Resources</string>
			<key>outputPaths</key>
			<array/>
			<key>runOnlyForDeploymentPostprocessing</key>
			<string>0</string>
			<key>shellPath</key>
			<string>/bin/sh</string>
			<key>shellScript</key>
			<string>"${SRCROOT}/Pods/Target Support Files/Pods-LiveStone/Pods-LiveStone-resources.sh"
</string>
			<key>showEnvVarsInLog</key>
			<string>0</string>
		</dict>
		<key>EB884FBB348E237927AA1146</key>
		<dict>
			<key>children</key>
			<array>
				<string>17024251391FD01DFA5B3037</string>
			</array>
			<key>isa</key>
			<string>PBXGroup</string>
			<key>name</key>
			<string>Frameworks</string>
			<key>sourceTree</key>
			<string>&lt;group&gt;</string>
		</dict>
		<key>ED0221BD1CC32FC1004D6514</key>
		<dict>
			<key>fileEncoding</key>
			<string>4</string>
			<key>isa</key>
			<string>PBXFileReference</string>
			<key>lastKnownFileType</key>
			<string>sourcecode.c.h</string>
			<key>path</key>
			<string>TestTableViewController.h</string>
			<key>sourceTree</key>
			<string>&lt;group&gt;</string>
		</dict>
		<key>ED0221BE1CC32FC1004D6514</key>
		<dict>
			<key>fileEncoding</key>
			<string>4</string>
			<key>isa</key>
			<string>PBXFileReference</string>
			<key>lastKnownFileType</key>
			<string>sourcecode.c.objc</string>
			<key>path</key>
			<string>TestTableViewController.m</string>
			<key>sourceTree</key>
			<string>&lt;group&gt;</string>
		</dict>
		<key>ED0221BF1CC32FC1004D6514</key>
		<dict>
			<key>fileRef</key>
			<string>ED0221BE1CC32FC1004D6514</string>
			<key>isa</key>
			<string>PBXBuildFile</string>
		</dict>
		<key>ED0221C21CC330A4004D6514</key>
		<dict>
			<key>fileEncoding</key>
			<string>4</string>
			<key>isa</key>
			<string>PBXFileReference</string>
			<key>lastKnownFileType</key>
			<string>sourcecode.c.h</string>
			<key>path</key>
			<string>TableCellView.h</string>
			<key>sourceTree</key>
			<string>&lt;group&gt;</string>
		</dict>
		<key>ED0221C31CC330A4004D6514</key>
		<dict>
			<key>fileEncoding</key>
			<string>4</string>
			<key>isa</key>
			<string>PBXFileReference</string>
			<key>lastKnownFileType</key>
			<string>sourcecode.c.objc</string>
			<key>path</key>
			<string>TableCellView.m</string>
			<key>sourceTree</key>
			<string>&lt;group&gt;</string>
		</dict>
		<key>ED0221C41CC330A4004D6514</key>
		<dict>
			<key>fileRef</key>
			<string>ED0221C31CC330A4004D6514</string>
			<key>isa</key>
			<string>PBXBuildFile</string>
		</dict>
		<key>ED0221C51CC330BB004D6514</key>
		<dict>
			<key>fileEncoding</key>
			<string>4</string>
			<key>isa</key>
			<string>PBXFileReference</string>
			<key>lastKnownFileType</key>
			<string>file.xib</string>
			<key>path</key>
			<string>TableCellView.xib</string>
			<key>sourceTree</key>
			<string>&lt;group&gt;</string>
		</dict>
		<key>ED0221C61CC330BB004D6514</key>
		<dict>
			<key>fileRef</key>
			<string>ED0221C51CC330BB004D6514</string>
			<key>isa</key>
			<string>PBXBuildFile</string>
		</dict>
		<key>ED0221C71CC33424004D6514</key>
		<dict>
			<key>fileEncoding</key>
			<string>4</string>
			<key>isa</key>
			<string>PBXFileReference</string>
			<key>lastKnownFileType</key>
			<string>sourcecode.c.h</string>
			<key>path</key>
			<string>TestContactsSearchResultController.h</string>
			<key>sourceTree</key>
			<string>&lt;group&gt;</string>
		</dict>
		<key>ED0221C81CC33424004D6514</key>
		<dict>
			<key>fileEncoding</key>
			<string>4</string>
			<key>isa</key>
			<string>PBXFileReference</string>
			<key>lastKnownFileType</key>
			<string>sourcecode.c.objc</string>
			<key>path</key>
			<string>TestContactsSearchResultController.m</string>
			<key>sourceTree</key>
			<string>&lt;group&gt;</string>
		</dict>
		<key>ED0221C91CC33424004D6514</key>
		<dict>
			<key>fileRef</key>
			<string>ED0221C81CC33424004D6514</string>
			<key>isa</key>
			<string>PBXBuildFile</string>
		</dict>
		<key>ED0221CA1CC3389E004D6514</key>
		<dict>
			<key>children</key>
			<array>
				<string>EDFA40951CC134A00054E77C</string>
				<string>EDFA40961CC134A00054E77C</string>
				<string>ED2030541CC99AD800369ACE</string>
				<string>ED2030551CC99AD800369ACE</string>
				<string>ED358B971CC5C2C00016D1C1</string>
				<string>ED358B981CC5C2C00016D1C1</string>
				<string>EDC958A81CC5109A00D51CA5</string>
				<string>ED2030571CC9ABD100369ACE</string>
				<string>ED2030581CC9ABD100369ACE</string>
				<string>ED4848F51CC85D080093E29E</string>
				<string>ED0221DB1CC37CAC004D6514</string>
				<string>EDC958AA1CC5174400D51CA5</string>
				<string>EDC958AB1CC5174400D51CA5</string>
				<string>EDC958AD1CC5186300D51CA5</string>
				<string>EDC958AE1CC5186300D51CA5</string>
			</array>
			<key>isa</key>
			<string>PBXGroup</string>
			<key>name</key>
			<string>Bible</string>
			<key>sourceTree</key>
			<string>&lt;group&gt;</string>
		</dict>
		<key>ED0221CD1CC35516004D6514</key>
		<dict>
			<key>isa</key>
			<string>PBXFileReference</string>
			<key>lastKnownFileType</key>
			<string>sourcecode.c.h</string>
			<key>path</key>
			<string>PrefixHeader.pch</string>
			<key>sourceTree</key>
			<string>&lt;group&gt;</string>
		</dict>
		<key>ED0221CE1CC3771F004D6514</key>
		<dict>
			<key>children</key>
			<array>
				<string>ED0221D81CC37956004D6514</string>
				<string>ED0221D91CC37956004D6514</string>
			</array>
			<key>isa</key>
			<string>PBXGroup</string>
			<key>name</key>
			<string>Tools</string>
			<key>sourceTree</key>
			<string>&lt;group&gt;</string>
		</dict>
		<key>ED0221D81CC37956004D6514</key>
		<dict>
			<key>fileEncoding</key>
			<string>4</string>
			<key>isa</key>
			<string>PBXFileReference</string>
			<key>lastKnownFileType</key>
			<string>sourcecode.c.h</string>
			<key>path</key>
			<string>CCSimpleTools.h</string>
			<key>sourceTree</key>
			<string>&lt;group&gt;</string>
		</dict>
		<key>ED0221D91CC37956004D6514</key>
		<dict>
			<key>fileEncoding</key>
			<string>4</string>
			<key>isa</key>
			<string>PBXFileReference</string>
			<key>lastKnownFileType</key>
			<string>sourcecode.c.objc</string>
			<key>path</key>
			<string>CCSimpleTools.m</string>
			<key>sourceTree</key>
			<string>&lt;group&gt;</string>
		</dict>
		<key>ED0221DA1CC37956004D6514</key>
		<dict>
			<key>fileRef</key>
			<string>ED0221D91CC37956004D6514</string>
			<key>isa</key>
			<string>PBXBuildFile</string>
		</dict>
		<key>ED0221DB1CC37CAC004D6514</key>
		<dict>
			<key>fileEncoding</key>
			<string>4</string>
			<key>isa</key>
			<string>PBXFileReference</string>
			<key>lastKnownFileType</key>
			<string>file.xib</string>
			<key>path</key>
			<string>LSBookCollectionViewCell.xib</string>
			<key>sourceTree</key>
			<string>&lt;group&gt;</string>
		</dict>
		<key>ED0221DC1CC37CAC004D6514</key>
		<dict>
			<key>fileRef</key>
			<string>ED0221DB1CC37CAC004D6514</string>
			<key>isa</key>
			<string>PBXBuildFile</string>
		</dict>
		<key>ED08C3F51CCEE3DB00AAC7AA</key>
		<dict>
			<key>isa</key>
			<string>PBXFileReference</string>
			<key>lastKnownFileType</key>
			<string>file</string>
			<key>path</key>
			<string>huoshi.db</string>
			<key>sourceTree</key>
			<string>&lt;group&gt;</string>
		</dict>
		<key>ED2030541CC99AD800369ACE</key>
		<dict>
			<key>fileEncoding</key>
			<string>4</string>
			<key>isa</key>
			<string>PBXFileReference</string>
			<key>lastKnownFileType</key>
			<string>sourcecode.c.h</string>
			<key>path</key>
			<string>LSBibleCollectionView.h</string>
			<key>sourceTree</key>
			<string>&lt;group&gt;</string>
		</dict>
		<key>ED2030551CC99AD800369ACE</key>
		<dict>
			<key>fileEncoding</key>
			<string>4</string>
			<key>isa</key>
			<string>PBXFileReference</string>
			<key>lastKnownFileType</key>
			<string>sourcecode.c.objc</string>
			<key>path</key>
			<string>LSBibleCollectionView.m</string>
			<key>sourceTree</key>
			<string>&lt;group&gt;</string>
		</dict>
		<key>ED2030561CC99AD800369ACE</key>
		<dict>
			<key>fileRef</key>
			<string>ED2030551CC99AD800369ACE</string>
			<key>isa</key>
			<string>PBXBuildFile</string>
		</dict>
		<key>ED2030571CC9ABD100369ACE</key>
		<dict>
			<key>fileEncoding</key>
			<string>4</string>
			<key>isa</key>
			<string>PBXFileReference</string>
			<key>lastKnownFileType</key>
			<string>sourcecode.c.h</string>
			<key>path</key>
			<string>LSBookChapterCell.h</string>
			<key>sourceTree</key>
			<string>&lt;group&gt;</string>
		</dict>
		<key>ED2030581CC9ABD100369ACE</key>
		<dict>
			<key>fileEncoding</key>
			<string>4</string>
			<key>isa</key>
			<string>PBXFileReference</string>
			<key>lastKnownFileType</key>
			<string>sourcecode.c.objc</string>
			<key>path</key>
			<string>LSBookChapterCell.m</string>
			<key>sourceTree</key>
			<string>&lt;group&gt;</string>
		</dict>
		<key>ED2030591CC9ABD100369ACE</key>
		<dict>
			<key>fileRef</key>
			<string>ED2030581CC9ABD100369ACE</string>
			<key>isa</key>
			<string>PBXBuildFile</string>
		</dict>
		<key>ED358B971CC5C2C00016D1C1</key>
		<dict>
			<key>fileEncoding</key>
			<string>4</string>
			<key>isa</key>
			<string>PBXFileReference</string>
			<key>lastKnownFileType</key>
			<string>sourcecode.c.h</string>
			<key>path</key>
			<string>LSBookDetailCell.h</string>
			<key>sourceTree</key>
			<string>&lt;group&gt;</string>
		</dict>
		<key>ED358B981CC5C2C00016D1C1</key>
		<dict>
			<key>fileEncoding</key>
			<string>4</string>
			<key>isa</key>
			<string>PBXFileReference</string>
			<key>lastKnownFileType</key>
			<string>sourcecode.c.objc</string>
			<key>path</key>
			<string>LSBookDetailCell.m</string>
			<key>sourceTree</key>
			<string>&lt;group&gt;</string>
		</dict>
		<key>ED358B991CC5C2C00016D1C1</key>
		<dict>
			<key>fileRef</key>
			<string>ED358B981CC5C2C00016D1C1</string>
			<key>isa</key>
			<string>PBXBuildFile</string>
		</dict>
		<key>ED42984C1CC0637000FCD799</key>
		<dict>
			<key>children</key>
			<array>
				<string>ED4298571CC0637000FCD799</string>
				<string>ED4298561CC0637000FCD799</string>
				<string>1A4278716FE80B907DE968DC</string>
				<string>EB884FBB348E237927AA1146</string>
			</array>
			<key>isa</key>
			<string>PBXGroup</string>
			<key>sourceTree</key>
			<string>&lt;group&gt;</string>
		</dict>
		<key>ED42984D1CC0637000FCD799</key>
		<dict>
			<key>attributes</key>
			<dict>
				<key>LastUpgradeCheck</key>
				<string>0730</string>
				<key>ORGANIZATIONNAME</key>
				<string>Cocos</string>
				<key>TargetAttributes</key>
				<dict>
					<key>ED4298541CC0637000FCD799</key>
					<dict>
						<key>CreatedOnToolsVersion</key>
						<string>7.3</string>
						<key>DevelopmentTeam</key>
						<string>XNC7CRYM5X</string>
					</dict>
				</dict>
			</dict>
			<key>buildConfigurationList</key>
			<string>ED4298501CC0637000FCD799</string>
			<key>compatibilityVersion</key>
			<string>Xcode 3.2</string>
			<key>developmentRegion</key>
			<string>English</string>
			<key>hasScannedForEncodings</key>
			<string>0</string>
			<key>isa</key>
			<string>PBXProject</string>
			<key>knownRegions</key>
			<array>
				<string>en</string>
				<string>Base</string>
			</array>
			<key>mainGroup</key>
			<string>ED42984C1CC0637000FCD799</string>
			<key>productRefGroup</key>
			<string>ED4298561CC0637000FCD799</string>
			<key>projectDirPath</key>
			<string></string>
			<key>projectReferences</key>
			<array/>
			<key>projectRoot</key>
			<string></string>
			<key>targets</key>
			<array>
				<string>ED4298541CC0637000FCD799</string>
			</array>
		</dict>
		<key>ED4298501CC0637000FCD799</key>
		<dict>
			<key>buildConfigurations</key>
			<array>
				<string>ED42986D1CC0637000FCD799</string>
				<string>ED42986E1CC0637000FCD799</string>
			</array>
			<key>defaultConfigurationIsVisible</key>
			<string>0</string>
			<key>defaultConfigurationName</key>
			<string>Release</string>
			<key>isa</key>
			<string>XCConfigurationList</string>
		</dict>
		<key>ED4298511CC0637000FCD799</key>
		<dict>
			<key>buildActionMask</key>
			<string>2147483647</string>
			<key>files</key>
			<array>
				<string>ED4298601CC0637000FCD799</string>
				<string>ED42985D1CC0637000FCD799</string>
				<string>ED0221DA1CC37956004D6514</string>
				<string>EDFA40931CC132620054E77C</string>
				<string>ED5F94C11CC1B83D00D8D626</string>
				<string>ED42985A1CC0637000FCD799</string>
				<string>EDFA40971CC134A00054E77C</string>
				<string>ED4298661CC0637000FCD799</string>
				<string>ED0221C91CC33424004D6514</string>
				<string>ED0221C41CC330A4004D6514</string>
				<string>ED358B991CC5C2C00016D1C1</string>
				<string>EDC958AC1CC5174400D51CA5</string>
				<string>ED2030561CC99AD800369ACE</string>
				<string>ED0221BF1CC32FC1004D6514</string>
				<string>EDFA40901CC123D80054E77C</string>
				<string>EDFA409A1CC139D90054E77C</string>
				<string>EDC958AF1CC5186300D51CA5</string>
				<string>ED2030591CC9ABD100369ACE</string>
			</array>
			<key>isa</key>
			<string>PBXSourcesBuildPhase</string>
			<key>runOnlyForDeploymentPostprocessing</key>
			<string>0</string>
		</dict>
		<key>ED4298521CC0637000FCD799</key>
		<dict>
			<key>buildActionMask</key>
			<string>2147483647</string>
			<key>files</key>
			<array>
				<string>48F3E0FA307752BF66939D0A</string>
			</array>
			<key>isa</key>
			<string>PBXFrameworksBuildPhase</string>
			<key>runOnlyForDeploymentPostprocessing</key>
			<string>0</string>
		</dict>
		<key>ED4298531CC0637000FCD799</key>
		<dict>
			<key>buildActionMask</key>
			<string>2147483647</string>
			<key>files</key>
			<array>
				<string>ED42986B1CC0637000FCD799</string>
				<string>ED0221C61CC330BB004D6514</string>
				<string>EDC958A91CC5109A00D51CA5</string>
				<string>ED4848F61CC85D080093E29E</string>
				<string>ED4298681CC0637000FCD799</string>
				<string>ED0221DC1CC37CAC004D6514</string>
				<string>ED4298631CC0637000FCD799</string>
			</array>
			<key>isa</key>
			<string>PBXResourcesBuildPhase</string>
			<key>runOnlyForDeploymentPostprocessing</key>
			<string>0</string>
		</dict>
		<key>ED4298541CC0637000FCD799</key>
		<dict>
			<key>buildConfigurationList</key>
			<string>ED42986F1CC0637000FCD799</string>
			<key>buildPhases</key>
			<array>
				<string>8F1BBBE4D7D2A9C5F3D96BD2</string>
				<string>ED4298511CC0637000FCD799</string>
				<string>ED4298521CC0637000FCD799</string>
				<string>ED4298531CC0637000FCD799</string>
				<string>55EF5B8A06BDFC6F52ECAA85</string>
				<string>E36876D09878F3207E9FF855</string>
			</array>
			<key>buildRules</key>
			<array/>
			<key>dependencies</key>
			<array/>
			<key>isa</key>
			<string>PBXNativeTarget</string>
			<key>name</key>
			<string>LiveStone</string>
			<key>productName</key>
			<string>LiveStone</string>
			<key>productReference</key>
			<string>ED4298551CC0637000FCD799</string>
			<key>productType</key>
			<string>com.apple.product-type.application</string>
		</dict>
		<key>ED4298551CC0637000FCD799</key>
		<dict>
			<key>explicitFileType</key>
			<string>wrapper.application</string>
			<key>includeInIndex</key>
			<string>0</string>
			<key>isa</key>
			<string>PBXFileReference</string>
			<key>path</key>
			<string>LiveStone.app</string>
			<key>sourceTree</key>
			<string>BUILT_PRODUCTS_DIR</string>
		</dict>
		<key>ED4298561CC0637000FCD799</key>
		<dict>
			<key>children</key>
			<array>
				<string>ED4298551CC0637000FCD799</string>
			</array>
			<key>isa</key>
			<string>PBXGroup</string>
			<key>name</key>
			<string>Products</string>
			<key>sourceTree</key>
			<string>&lt;group&gt;</string>
		</dict>
		<key>ED4298571CC0637000FCD799</key>
		<dict>
			<key>children</key>
			<array>
				<string>ED0221CE1CC3771F004D6514</string>
				<string>ED4298761CC07DB400FCD799</string>
				<string>ED4298771CC07DBC00FCD799</string>
				<string>EDFA408D1CC11A450054E77C</string>
				<string>ED4298581CC0637000FCD799</string>
			</array>
			<key>isa</key>
			<string>PBXGroup</string>
			<key>path</key>
			<string>LiveStone</string>
			<key>sourceTree</key>
			<string>&lt;group&gt;</string>
		</dict>
		<key>ED4298581CC0637000FCD799</key>
		<dict>
			<key>children</key>
			<array>
				<string>ED08C3F51CCEE3DB00AAC7AA</string>
				<string>ED4298591CC0637000FCD799</string>
				<string>ED42985B1CC0637000FCD799</string>
				<string>ED42985C1CC0637000FCD799</string>
				<string>ED4298611CC0637000FCD799</string>
				<string>ED4298671CC0637000FCD799</string>
				<string>ED4298691CC0637000FCD799</string>
				<string>ED42986C1CC0637000FCD799</string>
				<string>ED4298641CC0637000FCD799</string>
				<string>ED0221BD1CC32FC1004D6514</string>
				<string>ED0221BE1CC32FC1004D6514</string>
				<string>ED0221C21CC330A4004D6514</string>
				<string>ED0221C31CC330A4004D6514</string>
				<string>ED0221C51CC330BB004D6514</string>
				<string>ED0221C71CC33424004D6514</string>
				<string>ED0221C81CC33424004D6514</string>
				<string>ED0221CD1CC35516004D6514</string>
			</array>
			<key>isa</key>
			<string>PBXGroup</string>
			<key>name</key>
			<string>Supporting Files</string>
			<key>sourceTree</key>
			<string>&lt;group&gt;</string>
		</dict>
		<key>ED4298591CC0637000FCD799</key>
		<dict>
			<key>isa</key>
			<string>PBXFileReference</string>
			<key>lastKnownFileType</key>
			<string>sourcecode.c.objc</string>
			<key>path</key>
			<string>main.m</string>
			<key>sourceTree</key>
			<string>&lt;group&gt;</string>
		</dict>
		<key>ED42985A1CC0637000FCD799</key>
		<dict>
			<key>fileRef</key>
			<string>ED4298591CC0637000FCD799</string>
			<key>isa</key>
			<string>PBXBuildFile</string>
		</dict>
		<key>ED42985B1CC0637000FCD799</key>
		<dict>
			<key>isa</key>
			<string>PBXFileReference</string>
			<key>lastKnownFileType</key>
			<string>sourcecode.c.h</string>
			<key>path</key>
			<string>AppDelegate.h</string>
			<key>sourceTree</key>
			<string>&lt;group&gt;</string>
		</dict>
		<key>ED42985C1CC0637000FCD799</key>
		<dict>
			<key>isa</key>
			<string>PBXFileReference</string>
			<key>lastKnownFileType</key>
			<string>sourcecode.c.objc</string>
			<key>path</key>
			<string>AppDelegate.m</string>
			<key>sourceTree</key>
			<string>&lt;group&gt;</string>
		</dict>
		<key>ED42985D1CC0637000FCD799</key>
		<dict>
			<key>fileRef</key>
			<string>ED42985C1CC0637000FCD799</string>
			<key>isa</key>
			<string>PBXBuildFile</string>
		</dict>
		<key>ED42985E1CC0637000FCD799</key>
		<dict>
			<key>isa</key>
			<string>PBXFileReference</string>
			<key>lastKnownFileType</key>
			<string>sourcecode.c.h</string>
			<key>path</key>
			<string>ViewController.h</string>
			<key>sourceTree</key>
			<string>&lt;group&gt;</string>
		</dict>
		<key>ED42985F1CC0637000FCD799</key>
		<dict>
			<key>isa</key>
			<string>PBXFileReference</string>
			<key>lastKnownFileType</key>
			<string>sourcecode.c.objc</string>
			<key>path</key>
			<string>ViewController.m</string>
			<key>sourceTree</key>
			<string>&lt;group&gt;</string>
		</dict>
		<key>ED4298601CC0637000FCD799</key>
		<dict>
			<key>fileRef</key>
			<string>ED42985F1CC0637000FCD799</string>
			<key>isa</key>
			<string>PBXBuildFile</string>
		</dict>
		<key>ED4298611CC0637000FCD799</key>
		<dict>
			<key>children</key>
			<array>
				<string>ED4298621CC0637000FCD799</string>
			</array>
			<key>isa</key>
			<string>PBXVariantGroup</string>
			<key>name</key>
			<string>Main.storyboard</string>
			<key>sourceTree</key>
			<string>&lt;group&gt;</string>
		</dict>
		<key>ED4298621CC0637000FCD799</key>
		<dict>
			<key>isa</key>
			<string>PBXFileReference</string>
			<key>lastKnownFileType</key>
			<string>file.storyboard</string>
			<key>name</key>
			<string>Base</string>
			<key>path</key>
			<string>Base.lproj/Main.storyboard</string>
			<key>sourceTree</key>
			<string>&lt;group&gt;</string>
		</dict>
		<key>ED4298631CC0637000FCD799</key>
		<dict>
			<key>fileRef</key>
			<string>ED4298611CC0637000FCD799</string>
			<key>isa</key>
			<string>PBXBuildFile</string>
		</dict>
		<key>ED4298641CC0637000FCD799</key>
		<dict>
			<key>children</key>
			<array>
				<string>ED4298651CC0637000FCD799</string>
			</array>
			<key>currentVersion</key>
			<string>ED4298651CC0637000FCD799</string>
			<key>isa</key>
			<string>XCVersionGroup</string>
			<key>path</key>
			<string>LiveStone.xcdatamodeld</string>
			<key>sourceTree</key>
			<string>&lt;group&gt;</string>
			<key>versionGroupType</key>
			<string>wrapper.xcdatamodel</string>
		</dict>
		<key>ED4298651CC0637000FCD799</key>
		<dict>
			<key>isa</key>
			<string>PBXFileReference</string>
			<key>lastKnownFileType</key>
			<string>wrapper.xcdatamodel</string>
			<key>path</key>
			<string>LiveStone.xcdatamodel</string>
			<key>sourceTree</key>
			<string>&lt;group&gt;</string>
		</dict>
		<key>ED4298661CC0637000FCD799</key>
		<dict>
			<key>fileRef</key>
			<string>ED4298641CC0637000FCD799</string>
			<key>isa</key>
			<string>PBXBuildFile</string>
		</dict>
		<key>ED4298671CC0637000FCD799</key>
		<dict>
			<key>isa</key>
			<string>PBXFileReference</string>
			<key>lastKnownFileType</key>
			<string>folder.assetcatalog</string>
			<key>path</key>
			<string>Assets.xcassets</string>
			<key>sourceTree</key>
			<string>&lt;group&gt;</string>
		</dict>
		<key>ED4298681CC0637000FCD799</key>
		<dict>
			<key>fileRef</key>
			<string>ED4298671CC0637000FCD799</string>
			<key>isa</key>
			<string>PBXBuildFile</string>
		</dict>
		<key>ED4298691CC0637000FCD799</key>
		<dict>
			<key>children</key>
			<array>
				<string>ED42986A1CC0637000FCD799</string>
			</array>
			<key>isa</key>
			<string>PBXVariantGroup</string>
			<key>name</key>
			<string>LaunchScreen.storyboard</string>
			<key>sourceTree</key>
			<string>&lt;group&gt;</string>
		</dict>
		<key>ED42986A1CC0637000FCD799</key>
		<dict>
			<key>isa</key>
			<string>PBXFileReference</string>
			<key>lastKnownFileType</key>
			<string>file.storyboard</string>
			<key>name</key>
			<string>Base</string>
			<key>path</key>
			<string>Base.lproj/LaunchScreen.storyboard</string>
			<key>sourceTree</key>
			<string>&lt;group&gt;</string>
		</dict>
		<key>ED42986B1CC0637000FCD799</key>
		<dict>
			<key>fileRef</key>
			<string>ED4298691CC0637000FCD799</string>
			<key>isa</key>
			<string>PBXBuildFile</string>
		</dict>
		<key>ED42986C1CC0637000FCD799</key>
		<dict>
			<key>isa</key>
			<string>PBXFileReference</string>
			<key>lastKnownFileType</key>
			<string>text.plist.xml</string>
			<key>path</key>
			<string>Info.plist</string>
			<key>sourceTree</key>
			<string>&lt;group&gt;</string>
		</dict>
		<key>ED42986D1CC0637000FCD799</key>
		<dict>
			<key>buildSettings</key>
			<dict>
				<key>ALWAYS_SEARCH_USER_PATHS</key>
				<string>NO</string>
				<key>CLANG_ANALYZER_NONNULL</key>
				<string>YES</string>
				<key>CLANG_CXX_LANGUAGE_STANDARD</key>
				<string>gnu++0x</string>
				<key>CLANG_CXX_LIBRARY</key>
				<string>libc++</string>
				<key>CLANG_ENABLE_MODULES</key>
				<string>YES</string>
				<key>CLANG_ENABLE_OBJC_ARC</key>
				<string>YES</string>
				<key>CLANG_WARN_BOOL_CONVERSION</key>
				<string>YES</string>
				<key>CLANG_WARN_CONSTANT_CONVERSION</key>
				<string>YES</string>
				<key>CLANG_WARN_DIRECT_OBJC_ISA_USAGE</key>
				<string>YES_ERROR</string>
				<key>CLANG_WARN_EMPTY_BODY</key>
				<string>YES</string>
				<key>CLANG_WARN_ENUM_CONVERSION</key>
				<string>YES</string>
				<key>CLANG_WARN_INT_CONVERSION</key>
				<string>YES</string>
				<key>CLANG_WARN_OBJC_ROOT_CLASS</key>
				<string>YES_ERROR</string>
				<key>CLANG_WARN_UNREACHABLE_CODE</key>
				<string>YES</string>
				<key>CLANG_WARN__DUPLICATE_METHOD_MATCH</key>
				<string>YES</string>
				<key>CODE_SIGN_IDENTITY[sdk=iphoneos*]</key>
				<string>iPhone Developer</string>
				<key>COPY_PHASE_STRIP</key>
				<string>NO</string>
				<key>DEBUG_INFORMATION_FORMAT</key>
				<string>dwarf</string>
				<key>ENABLE_STRICT_OBJC_MSGSEND</key>
				<string>YES</string>
				<key>ENABLE_TESTABILITY</key>
				<string>YES</string>
				<key>GCC_C_LANGUAGE_STANDARD</key>
				<string>gnu99</string>
				<key>GCC_DYNAMIC_NO_PIC</key>
				<string>NO</string>
				<key>GCC_NO_COMMON_BLOCKS</key>
				<string>YES</string>
				<key>GCC_OPTIMIZATION_LEVEL</key>
				<string>0</string>
				<key>GCC_PREPROCESSOR_DEFINITIONS</key>
				<array>
					<string>DEBUG=1</string>
					<string>$(inherited)</string>
				</array>
				<key>GCC_WARN_64_TO_32_BIT_CONVERSION</key>
				<string>YES</string>
				<key>GCC_WARN_ABOUT_RETURN_TYPE</key>
				<string>YES_ERROR</string>
				<key>GCC_WARN_UNDECLARED_SELECTOR</key>
				<string>YES</string>
				<key>GCC_WARN_UNINITIALIZED_AUTOS</key>
				<string>YES_AGGRESSIVE</string>
				<key>GCC_WARN_UNUSED_FUNCTION</key>
				<string>YES</string>
				<key>GCC_WARN_UNUSED_VARIABLE</key>
				<string>YES</string>
				<key>IPHONEOS_DEPLOYMENT_TARGET</key>
				<string>8.0</string>
				<key>MTL_ENABLE_DEBUG_INFO</key>
				<string>YES</string>
				<key>ONLY_ACTIVE_ARCH</key>
				<string>YES</string>
				<key>SDKROOT</key>
				<string>iphoneos</string>
			</dict>
			<key>isa</key>
			<string>XCBuildConfiguration</string>
			<key>name</key>
			<string>Debug</string>
		</dict>
		<key>ED42986E1CC0637000FCD799</key>
		<dict>
			<key>buildSettings</key>
			<dict>
				<key>ALWAYS_SEARCH_USER_PATHS</key>
				<string>NO</string>
				<key>CLANG_ANALYZER_NONNULL</key>
				<string>YES</string>
				<key>CLANG_CXX_LANGUAGE_STANDARD</key>
				<string>gnu++0x</string>
				<key>CLANG_CXX_LIBRARY</key>
				<string>libc++</string>
				<key>CLANG_ENABLE_MODULES</key>
				<string>YES</string>
				<key>CLANG_ENABLE_OBJC_ARC</key>
				<string>YES</string>
				<key>CLANG_WARN_BOOL_CONVERSION</key>
				<string>YES</string>
				<key>CLANG_WARN_CONSTANT_CONVERSION</key>
				<string>YES</string>
				<key>CLANG_WARN_DIRECT_OBJC_ISA_USAGE</key>
				<string>YES_ERROR</string>
				<key>CLANG_WARN_EMPTY_BODY</key>
				<string>YES</string>
				<key>CLANG_WARN_ENUM_CONVERSION</key>
				<string>YES</string>
				<key>CLANG_WARN_INT_CONVERSION</key>
				<string>YES</string>
				<key>CLANG_WARN_OBJC_ROOT_CLASS</key>
				<string>YES_ERROR</string>
				<key>CLANG_WARN_UNREACHABLE_CODE</key>
				<string>YES</string>
				<key>CLANG_WARN__DUPLICATE_METHOD_MATCH</key>
				<string>YES</string>
				<key>CODE_SIGN_IDENTITY[sdk=iphoneos*]</key>
				<string>iPhone Developer</string>
				<key>COPY_PHASE_STRIP</key>
				<string>NO</string>
				<key>DEBUG_INFORMATION_FORMAT</key>
				<string>dwarf-with-dsym</string>
				<key>ENABLE_NS_ASSERTIONS</key>
				<string>NO</string>
				<key>ENABLE_STRICT_OBJC_MSGSEND</key>
				<string>YES</string>
				<key>GCC_C_LANGUAGE_STANDARD</key>
				<string>gnu99</string>
				<key>GCC_NO_COMMON_BLOCKS</key>
				<string>YES</string>
				<key>GCC_WARN_64_TO_32_BIT_CONVERSION</key>
				<string>YES</string>
				<key>GCC_WARN_ABOUT_RETURN_TYPE</key>
				<string>YES_ERROR</string>
				<key>GCC_WARN_UNDECLARED_SELECTOR</key>
				<string>YES</string>
				<key>GCC_WARN_UNINITIALIZED_AUTOS</key>
				<string>YES_AGGRESSIVE</string>
				<key>GCC_WARN_UNUSED_FUNCTION</key>
				<string>YES</string>
				<key>GCC_WARN_UNUSED_VARIABLE</key>
				<string>YES</string>
				<key>IPHONEOS_DEPLOYMENT_TARGET</key>
				<string>8.0</string>
				<key>MTL_ENABLE_DEBUG_INFO</key>
				<string>NO</string>
				<key>SDKROOT</key>
				<string>iphoneos</string>
				<key>VALIDATE_PRODUCT</key>
				<string>YES</string>
			</dict>
			<key>isa</key>
			<string>XCBuildConfiguration</string>
			<key>name</key>
			<string>Release</string>
		</dict>
		<key>ED42986F1CC0637000FCD799</key>
		<dict>
			<key>buildConfigurations</key>
			<array>
				<string>ED4298701CC0637000FCD799</string>
				<string>ED4298711CC0637000FCD799</string>
			</array>
			<key>defaultConfigurationIsVisible</key>
			<string>0</string>
			<key>defaultConfigurationName</key>
			<string>Release</string>
			<key>isa</key>
			<string>XCConfigurationList</string>
		</dict>
		<key>ED4298701CC0637000FCD799</key>
		<dict>
			<key>baseConfigurationReference</key>
			<string>1F9273472F373C42AD669316</string>
			<key>buildSettings</key>
			<dict>
				<key>ASSETCATALOG_COMPILER_APPICON_NAME</key>
				<string>AppIcon</string>
				<key>CODE_SIGN_IDENTITY</key>
				<string>iPhone Developer</string>
				<key>CODE_SIGN_IDENTITY[sdk=iphoneos*]</key>
				<string>iPhone Developer</string>
				<key>GCC_INCREASE_PRECOMPILED_HEADER_SHARING</key>
				<string>NO</string>
				<key>GCC_PRECOMPILE_PREFIX_HEADER</key>
				<string>YES</string>
				<key>GCC_PREFIX_HEADER</key>
				<string>$(SRCROOT)/LiveStone/PrefixHeader.pch</string>
				<key>INFOPLIST_FILE</key>
				<string>LiveStone/Info.plist</string>
				<key>LD_RUNPATH_SEARCH_PATHS</key>
				<string>$(inherited) @executable_path/Frameworks</string>
				<key>PRODUCT_BUNDLE_IDENTIFIER</key>
				<string>org.cocos.LiveStone</string>
				<key>PRODUCT_NAME</key>
				<string>$(TARGET_NAME)</string>
				<key>PROVISIONING_PROFILE</key>
				<string></string>
			</dict>
			<key>isa</key>
			<string>XCBuildConfiguration</string>
			<key>name</key>
			<string>Debug</string>
		</dict>
		<key>ED4298711CC0637000FCD799</key>
		<dict>
			<key>baseConfigurationReference</key>
			<string>30F2FDAF1E60F44AAA4FC4F1</string>
			<key>buildSettings</key>
			<dict>
				<key>ASSETCATALOG_COMPILER_APPICON_NAME</key>
				<string>AppIcon</string>
				<key>CODE_SIGN_IDENTITY</key>
				<string>iPhone Developer</string>
				<key>CODE_SIGN_IDENTITY[sdk=iphoneos*]</key>
				<string>iPhone Developer</string>
				<key>GCC_INCREASE_PRECOMPILED_HEADER_SHARING</key>
				<string>NO</string>
				<key>GCC_PRECOMPILE_PREFIX_HEADER</key>
				<string>YES</string>
				<key>GCC_PREFIX_HEADER</key>
				<string>$(SRCROOT)/LiveStone/PrefixHeader.pch</string>
				<key>INFOPLIST_FILE</key>
				<string>LiveStone/Info.plist</string>
				<key>LD_RUNPATH_SEARCH_PATHS</key>
				<string>$(inherited) @executable_path/Frameworks</string>
				<key>PRODUCT_BUNDLE_IDENTIFIER</key>
				<string>org.cocos.LiveStone</string>
				<key>PRODUCT_NAME</key>
				<string>$(TARGET_NAME)</string>
				<key>PROVISIONING_PROFILE</key>
				<string></string>
			</dict>
			<key>isa</key>
			<string>XCBuildConfiguration</string>
			<key>name</key>
			<string>Release</string>
		</dict>
		<key>ED4298761CC07DB400FCD799</key>
		<dict>
			<key>children</key>
			<array/>
			<key>isa</key>
			<string>PBXGroup</string>
			<key>path</key>
			<string>ThirdLib</string>
			<key>sourceTree</key>
			<string>&lt;group&gt;</string>
		</dict>
		<key>ED4298771CC07DBC00FCD799</key>
		<dict>
			<key>children</key>
			<array/>
			<key>isa</key>
			<string>PBXGroup</string>
			<key>name</key>
			<string>Classes</string>
			<key>sourceTree</key>
			<string>&lt;group&gt;</string>
		</dict>
		<key>ED4848F51CC85D080093E29E</key>
		<dict>
			<key>fileEncoding</key>
			<string>4</string>
			<key>isa</key>
			<string>PBXFileReference</string>
			<key>lastKnownFileType</key>
			<string>file.xib</string>
			<key>path</key>
			<string>LSBookChapterCell.xib</string>
			<key>sourceTree</key>
			<string>&lt;group&gt;</string>
		</dict>
		<key>ED4848F61CC85D080093E29E</key>
		<dict>
			<key>fileRef</key>
			<string>ED4848F51CC85D080093E29E</string>
			<key>isa</key>
			<string>PBXBuildFile</string>
		</dict>
		<key>ED5F94BF1CC1B83D00D8D626</key>
		<dict>
			<key>fileEncoding</key>
			<string>4</string>
			<key>isa</key>
			<string>PBXFileReference</string>
			<key>lastKnownFileType</key>
			<string>sourcecode.c.h</string>
			<key>path</key>
			<string>LSLiveStoneTableViewController.h</string>
			<key>sourceTree</key>
			<string>&lt;group&gt;</string>
		</dict>
		<key>ED5F94C01CC1B83D00D8D626</key>
		<dict>
			<key>fileEncoding</key>
			<string>4</string>
			<key>isa</key>
			<string>PBXFileReference</string>
			<key>lastKnownFileType</key>
			<string>sourcecode.c.objc</string>
			<key>path</key>
			<string>LSLiveStoneTableViewController.m</string>
			<key>sourceTree</key>
			<string>&lt;group&gt;</string>
		</dict>
		<key>ED5F94C11CC1B83D00D8D626</key>
		<dict>
			<key>fileRef</key>
			<string>ED5F94C01CC1B83D00D8D626</string>
			<key>isa</key>
			<string>PBXBuildFile</string>
		</dict>
		<key>EDC958A81CC5109A00D51CA5</key>
		<dict>
			<key>fileEncoding</key>
			<string>4</string>
			<key>isa</key>
			<string>PBXFileReference</string>
			<key>lastKnownFileType</key>
			<string>file.xib</string>
			<key>path</key>
			<string>LSBookDetailCell.xib</string>
			<key>sourceTree</key>
			<string>&lt;group&gt;</string>
		</dict>
		<key>EDC958A91CC5109A00D51CA5</key>
		<dict>
			<key>fileRef</key>
			<string>EDC958A81CC5109A00D51CA5</string>
			<key>isa</key>
			<string>PBXBuildFile</string>
		</dict>
		<key>EDC958AA1CC5174400D51CA5</key>
		<dict>
			<key>fileEncoding</key>
			<string>4</string>
			<key>isa</key>
			<string>PBXFileReference</string>
			<key>lastKnownFileType</key>
			<string>sourcecode.c.h</string>
			<key>path</key>
			<string>RoundButton.h</string>
			<key>sourceTree</key>
			<string>&lt;group&gt;</string>
		</dict>
		<key>EDC958AB1CC5174400D51CA5</key>
		<dict>
			<key>fileEncoding</key>
			<string>4</string>
			<key>isa</key>
			<string>PBXFileReference</string>
			<key>lastKnownFileType</key>
			<string>sourcecode.c.objc</string>
			<key>path</key>
			<string>RoundButton.m</string>
			<key>sourceTree</key>
			<string>&lt;group&gt;</string>
		</dict>
		<key>EDC958AC1CC5174400D51CA5</key>
		<dict>
			<key>fileRef</key>
			<string>EDC958AB1CC5174400D51CA5</string>
			<key>isa</key>
			<string>PBXBuildFile</string>
		</dict>
		<key>EDC958AD1CC5186300D51CA5</key>
		<dict>
			<key>fileEncoding</key>
			<string>4</string>
			<key>isa</key>
			<string>PBXFileReference</string>
			<key>lastKnownFileType</key>
			<string>sourcecode.c.h</string>
			<key>path</key>
			<string>LSCollectionViewFlowLayout.h</string>
			<key>sourceTree</key>
			<string>&lt;group&gt;</string>
		</dict>
		<key>EDC958AE1CC5186300D51CA5</key>
		<dict>
			<key>fileEncoding</key>
			<string>4</string>
			<key>isa</key>
			<string>PBXFileReference</string>
			<key>lastKnownFileType</key>
			<string>sourcecode.c.objc</string>
			<key>path</key>
			<string>LSCollectionViewFlowLayout.m</string>
			<key>sourceTree</key>
			<string>&lt;group&gt;</string>
		</dict>
		<key>EDC958AF1CC5186300D51CA5</key>
		<dict>
			<key>fileRef</key>
			<string>EDC958AE1CC5186300D51CA5</string>
			<key>isa</key>
			<string>PBXBuildFile</string>
		</dict>
		<key>EDFA408D1CC11A450054E77C</key>
		<dict>
			<key>children</key>
			<array>
				<string>ED42985E1CC0637000FCD799</string>
				<string>ED42985F1CC0637000FCD799</string>
				<string>EDFA408E1CC123D80054E77C</string>
				<string>EDFA408F1CC123D80054E77C</string>
				<string>EDFA40911CC132620054E77C</string>
				<string>EDFA40921CC132620054E77C</string>
				<string>ED0221CA1CC3389E004D6514</string>
				<string>EDFA40981CC139D90054E77C</string>
				<string>EDFA40991CC139D90054E77C</string>
				<string>ED5F94BF1CC1B83D00D8D626</string>
				<string>ED5F94C01CC1B83D00D8D626</string>
			</array>
			<key>isa</key>
			<string>PBXGroup</string>
			<key>name</key>
			<string>UI</string>
			<key>sourceTree</key>
			<string>&lt;group&gt;</string>
		</dict>
		<key>EDFA408E1CC123D80054E77C</key>
		<dict>
			<key>fileEncoding</key>
			<string>4</string>
			<key>isa</key>
			<string>PBXFileReference</string>
			<key>lastKnownFileType</key>
			<string>sourcecode.c.h</string>
			<key>path</key>
			<string>LSUserTableViewController.h</string>
			<key>sourceTree</key>
			<string>&lt;group&gt;</string>
		</dict>
		<key>EDFA408F1CC123D80054E77C</key>
		<dict>
			<key>fileEncoding</key>
			<string>4</string>
			<key>isa</key>
			<string>PBXFileReference</string>
			<key>lastKnownFileType</key>
			<string>sourcecode.c.objc</string>
			<key>path</key>
			<string>LSUserTableViewController.m</string>
			<key>sourceTree</key>
			<string>&lt;group&gt;</string>
		</dict>
		<key>EDFA40901CC123D80054E77C</key>
		<dict>
			<key>fileRef</key>
			<string>EDFA408F1CC123D80054E77C</string>
			<key>isa</key>
			<string>PBXBuildFile</string>
		</dict>
		<key>EDFA40911CC132620054E77C</key>
		<dict>
			<key>fileEncoding</key>
			<string>4</string>
			<key>isa</key>
			<string>PBXFileReference</string>
			<key>lastKnownFileType</key>
			<string>sourcecode.c.h</string>
			<key>path</key>
			<string>LSDiscoveryTableViewController.h</string>
			<key>sourceTree</key>
			<string>&lt;group&gt;</string>
		</dict>
		<key>EDFA40921CC132620054E77C</key>
		<dict>
			<key>fileEncoding</key>
			<string>4</string>
			<key>isa</key>
			<string>PBXFileReference</string>
			<key>lastKnownFileType</key>
			<string>sourcecode.c.objc</string>
			<key>path</key>
			<string>LSDiscoveryTableViewController.m</string>
			<key>sourceTree</key>
			<string>&lt;group&gt;</string>
		</dict>
		<key>EDFA40931CC132620054E77C</key>
		<dict>
			<key>fileRef</key>
			<string>EDFA40921CC132620054E77C</string>
			<key>isa</key>
			<string>PBXBuildFile</string>
		</dict>
		<key>EDFA40951CC134A00054E77C</key>
		<dict>
			<key>fileEncoding</key>
			<string>4</string>
			<key>isa</key>
			<string>PBXFileReference</string>
			<key>lastKnownFileType</key>
			<string>sourcecode.c.h</string>
			<key>path</key>
			<string>LSBibleViewController.h</string>
			<key>sourceTree</key>
			<string>&lt;group&gt;</string>
		</dict>
		<key>EDFA40961CC134A00054E77C</key>
		<dict>
			<key>fileEncoding</key>
			<string>4</string>
			<key>isa</key>
			<string>PBXFileReference</string>
			<key>lastKnownFileType</key>
			<string>sourcecode.c.objc</string>
			<key>path</key>
			<string>LSBibleViewController.m</string>
			<key>sourceTree</key>
			<string>&lt;group&gt;</string>
		</dict>
		<key>EDFA40971CC134A00054E77C</key>
		<dict>
			<key>fileRef</key>
			<string>EDFA40961CC134A00054E77C</string>
			<key>isa</key>
			<string>PBXBuildFile</string>
		</dict>
		<key>EDFA40981CC139D90054E77C</key>
		<dict>
			<key>fileEncoding</key>
			<string>4</string>
			<key>isa</key>
			<string>PBXFileReference</string>
			<key>lastKnownFileType</key>
			<string>sourcecode.c.h</string>
			<key>path</key>
			<string>LSMainTabBarController.h</string>
			<key>sourceTree</key>
			<string>&lt;group&gt;</string>
		</dict>
		<key>EDFA40991CC139D90054E77C</key>
		<dict>
			<key>fileEncoding</key>
			<string>4</string>
			<key>isa</key>
			<string>PBXFileReference</string>
			<key>lastKnownFileType</key>
			<string>sourcecode.c.objc</string>
			<key>path</key>
			<string>LSMainTabBarController.m</string>
			<key>sourceTree</key>
			<string>&lt;group&gt;</string>
		</dict>
		<key>EDFA409A1CC139D90054E77C</key>
		<dict>
			<key>fileRef</key>
			<string>EDFA40991CC139D90054E77C</string>
			<key>isa</key>
			<string>PBXBuildFile</string>
		</dict>
	</dict>
	<key>rootObject</key>
	<string>ED42984D1CC0637000FCD799</string>
</dict>
</plist>
