// !$*UTF8*$!
{
	archiveVersion = 1;
	classes = {
	};
	objectVersion = 46;
	objects = {

/* Begin PBXBuildFile section */
		48F3E0FA307752BF66939D0A /* Pods_LiveStone.framework in Frameworks */ = {isa = PBXBuildFile; fileRef = 17024251391FD01DFA5B3037 /* Pods_LiveStone.framework */; };
		ED0221BF1CC32FC1004D6514 /* TestTableViewController.m in Sources */ = {isa = PBXBuildFile; fileRef = ED0221BE1CC32FC1004D6514 /* TestTableViewController.m */; };
		ED0221C41CC330A4004D6514 /* TableCellView.m in Sources */ = {isa = PBXBuildFile; fileRef = ED0221C31CC330A4004D6514 /* TableCellView.m */; };
		ED0221C61CC330BB004D6514 /* TableCellView.xib in Resources */ = {isa = PBXBuildFile; fileRef = ED0221C51CC330BB004D6514 /* TableCellView.xib */; };
		ED0221C91CC33424004D6514 /* TestContactsSearchResultController.m in Sources */ = {isa = PBXBuildFile; fileRef = ED0221C81CC33424004D6514 /* TestContactsSearchResultController.m */; };
		ED0221DA1CC37956004D6514 /* CCSimpleTools.m in Sources */ = {isa = PBXBuildFile; fileRef = ED0221D91CC37956004D6514 /* CCSimpleTools.m */; };
		ED0221DC1CC37CAC004D6514 /* LSBookCollectionViewCell.xib in Resources */ = {isa = PBXBuildFile; fileRef = ED0221DB1CC37CAC004D6514 /* LSBookCollectionViewCell.xib */; };
		ED029CE91CDABD9C00B76272 /* LSJoinUsViewController.m in Sources */ = {isa = PBXBuildFile; fileRef = ED029CE71CDABD9C00B76272 /* LSJoinUsViewController.m */; };
		ED029CEA1CDABD9C00B76272 /* LSJoinUsViewController.xib in Resources */ = {isa = PBXBuildFile; fileRef = ED029CE81CDABD9C00B76272 /* LSJoinUsViewController.xib */; };
		ED064A181CE3103F00FA2745 /* LSTimePanelViewCell.xib in Resources */ = {isa = PBXBuildFile; fileRef = ED064A171CE3103F00FA2745 /* LSTimePanelViewCell.xib */; };
		ED17E7311CD1819600F6F6CF /* LSBibleItem.m in Sources */ = {isa = PBXBuildFile; fileRef = ED17E7301CD1819600F6F6CF /* LSBibleItem.m */; };
		ED17E7331CD18EE500F6F6CF /* LSBibleContentCell.xib in Resources */ = {isa = PBXBuildFile; fileRef = ED17E7321CD18EE500F6F6CF /* LSBibleContentCell.xib */; };
		ED17E7351CD18F0800F6F6CF /* LSBibleTitleCell.xib in Resources */ = {isa = PBXBuildFile; fileRef = ED17E7341CD18F0800F6F6CF /* LSBibleTitleCell.xib */; };
		ED1D09681CD96E1900C215DD /* LSRegisterViewController.m in Sources */ = {isa = PBXBuildFile; fileRef = ED1D09671CD96E1900C215DD /* LSRegisterViewController.m */; };
		ED2030561CC99AD800369ACE /* LSBibleCollectionView.m in Sources */ = {isa = PBXBuildFile; fileRef = ED2030551CC99AD800369ACE /* LSBibleCollectionView.m */; };
		ED2030591CC9ABD100369ACE /* LSBookChapterCell.m in Sources */ = {isa = PBXBuildFile; fileRef = ED2030581CC9ABD100369ACE /* LSBookChapterCell.m */; };
		ED2076C91CF0888100D5BD4B /* LSIntercessionUpdateOrBlessViewController.m in Sources */ = {isa = PBXBuildFile; fileRef = ED2076C81CF0888100D5BD4B /* LSIntercessionUpdateOrBlessViewController.m */; };
		ED2076EF1CF0A04D00D5BD4B /* UIPlaceHolderTextView.m in Sources */ = {isa = PBXBuildFile; fileRef = ED2076EE1CF0A04D00D5BD4B /* UIPlaceHolderTextView.m */; };
		ED2076F21CF0A9D500D5BD4B /* LSIntercessionPublishViewController.m in Sources */ = {isa = PBXBuildFile; fileRef = ED2076F11CF0A9D500D5BD4B /* LSIntercessionPublishViewController.m */; };
		ED2994051CEE8A340017BC3E /* LSIntercessionWarriorCell.m in Sources */ = {isa = PBXBuildFile; fileRef = ED2994031CEE8A340017BC3E /* LSIntercessionWarriorCell.m */; };
		ED2994061CEE8A340017BC3E /* LSIntercessionWarriorCell.xib in Resources */ = {isa = PBXBuildFile; fileRef = ED2994041CEE8A340017BC3E /* LSIntercessionWarriorCell.xib */; };
		ED29940A1CEE923B0017BC3E /* LSIntercessionBlessingCell.m in Sources */ = {isa = PBXBuildFile; fileRef = ED2994081CEE923B0017BC3E /* LSIntercessionBlessingCell.m */; };
		ED29940B1CEE923B0017BC3E /* LSIntercessionBlessingCell.xib in Resources */ = {isa = PBXBuildFile; fileRef = ED2994091CEE923B0017BC3E /* LSIntercessionBlessingCell.xib */; };
		ED2B50C01CD051B600B0909B /* LSChapterContentViewController.m in Sources */ = {isa = PBXBuildFile; fileRef = ED2B50BE1CD051B600B0909B /* LSChapterContentViewController.m */; };
		ED358B991CC5C2C00016D1C1 /* LSBookDetailCell.m in Sources */ = {isa = PBXBuildFile; fileRef = ED358B981CC5C2C00016D1C1 /* LSBookDetailCell.m */; };
		ED3842981CCEEA560021EA06 /* LSBibleStore.m in Sources */ = {isa = PBXBuildFile; fileRef = ED3842971CCEEA560021EA06 /* LSBibleStore.m */; };
		ED3842991CCEF2FE0021EA06 /* huoshi.db in Resources */ = {isa = PBXBuildFile; fileRef = ED08C3F51CCEE3DB00AAC7AA /* huoshi.db */; };
		ED4270421CF3E58D00B901CE /* LSIntercessionUpdateContentItem.m in Sources */ = {isa = PBXBuildFile; fileRef = ED4270411CF3E58D00B901CE /* LSIntercessionUpdateContentItem.m */; };
		ED4270451CF3E63400B901CE /* LSBaseModel.m in Sources */ = {isa = PBXBuildFile; fileRef = ED4270441CF3E63400B901CE /* LSBaseModel.m */; };
		ED4270481CF3E9C900B901CE /* LSIntercessorsItem.m in Sources */ = {isa = PBXBuildFile; fileRef = ED4270471CF3E9C900B901CE /* LSIntercessorsItem.m */; };
		ED42704B1CF3EAE300B901CE /* LSIntercessionItem.m in Sources */ = {isa = PBXBuildFile; fileRef = ED42704A1CF3EAE300B901CE /* LSIntercessionItem.m */; };
		ED42704F1CF4294900B901CE /* LSIntercessionRequestItem.m in Sources */ = {isa = PBXBuildFile; fileRef = ED42704E1CF4294900B901CE /* LSIntercessionRequestItem.m */; };
		ED4270521CF45DBE00B901CE /* UITableView+NetworkStateDisplay.m in Sources */ = {isa = PBXBuildFile; fileRef = ED4270511CF45DBE00B901CE /* UITableView+NetworkStateDisplay.m */; };
		ED42985A1CC0637000FCD799 /* main.m in Sources */ = {isa = PBXBuildFile; fileRef = ED4298591CC0637000FCD799 /* main.m */; };
		ED42985D1CC0637000FCD799 /* AppDelegate.m in Sources */ = {isa = PBXBuildFile; fileRef = ED42985C1CC0637000FCD799 /* AppDelegate.m */; };
		ED4298631CC0637000FCD799 /* Main.storyboard in Resources */ = {isa = PBXBuildFile; fileRef = ED4298611CC0637000FCD799 /* Main.storyboard */; };
		ED4298661CC0637000FCD799 /* LiveStone.xcdatamodeld in Sources */ = {isa = PBXBuildFile; fileRef = ED4298641CC0637000FCD799 /* LiveStone.xcdatamodeld */; };
		ED4298681CC0637000FCD799 /* Assets.xcassets in Resources */ = {isa = PBXBuildFile; fileRef = ED4298671CC0637000FCD799 /* Assets.xcassets */; };
		ED42986B1CC0637000FCD799 /* LaunchScreen.storyboard in Resources */ = {isa = PBXBuildFile; fileRef = ED4298691CC0637000FCD799 /* LaunchScreen.storyboard */; };
		ED45E7061CDC1A9C00FAC93A /* LSServiceBase.m in Sources */ = {isa = PBXBuildFile; fileRef = ED45E7051CDC1A9C00FAC93A /* LSServiceBase.m */; };
		ED45E7091CDC2C6700FAC93A /* LSAuthService.m in Sources */ = {isa = PBXBuildFile; fileRef = ED45E7081CDC2C6700FAC93A /* LSAuthService.m */; };
		ED45E70F1CDC776400FAC93A /* LSUserInfoItem.m in Sources */ = {isa = PBXBuildFile; fileRef = ED45E70E1CDC776400FAC93A /* LSUserInfoItem.m */; };
		ED45E71A1CDC8E4E00FAC93A /* LSIntercessionService.m in Sources */ = {isa = PBXBuildFile; fileRef = ED45E7191CDC8E4E00FAC93A /* LSIntercessionService.m */; };
		ED4848F61CC85D080093E29E /* LSBookChapterCell.xib in Resources */ = {isa = PBXBuildFile; fileRef = ED4848F51CC85D080093E29E /* LSBookChapterCell.xib */; };
		ED4C7BE41CE94B580021D026 /* LSTimePanelViewCell.m in Sources */ = {isa = PBXBuildFile; fileRef = ED4C7BE31CE94B580021D026 /* LSTimePanelViewCell.m */; };
		ED4CFE601CE427FD00A166C4 /* LSExtraService.m in Sources */ = {isa = PBXBuildFile; fileRef = ED4CFE5F1CE427FD00A166C4 /* LSExtraService.m */; };
		ED4CFE631CE46AE700A166C4 /* LSUserReadingItem.m in Sources */ = {isa = PBXBuildFile; fileRef = ED4CFE621CE46AE700A166C4 /* LSUserReadingItem.m */; };
		ED4CFE661CE47B8200A166C4 /* LSStatisticsService.m in Sources */ = {isa = PBXBuildFile; fileRef = ED4CFE651CE47B8200A166C4 /* LSStatisticsService.m */; };
		ED5F94C11CC1B83D00D8D626 /* LSLiveStoneTableViewController.m in Sources */ = {isa = PBXBuildFile; fileRef = ED5F94C01CC1B83D00D8D626 /* LSLiveStoneTableViewController.m */; };
		ED6FD8C01CD838DF00BA599D /* LSRegisterViewController.xib in Resources */ = {isa = PBXBuildFile; fileRef = ED6FD8BE1CD838DF00BA599D /* LSRegisterViewController.xib */; };
		ED7A6F721CD2FD6E00EF1592 /* UILabel+CCStringFrame.m in Sources */ = {isa = PBXBuildFile; fileRef = ED7A6F711CD2FD6E00EF1592 /* UILabel+CCStringFrame.m */; };
		ED825A231CEA9C740035AD25 /* LSBibleSearchController.m in Sources */ = {isa = PBXBuildFile; fileRef = ED825A221CEA9C740035AD25 /* LSBibleSearchController.m */; };
		ED825A261CEA9D2F0035AD25 /* LSSearchResultsController.m in Sources */ = {isa = PBXBuildFile; fileRef = ED825A251CEA9D2F0035AD25 /* LSSearchResultsController.m */; };
		ED94FB6D1CEF27FD00ECD199 /* LSIntercessionUpdateCell.m in Sources */ = {isa = PBXBuildFile; fileRef = ED94FB6B1CEF27FD00ECD199 /* LSIntercessionUpdateCell.m */; };
		ED94FB6E1CEF27FD00ECD199 /* LSIntercessionUpdateCell.xib in Resources */ = {isa = PBXBuildFile; fileRef = ED94FB6C1CEF27FD00ECD199 /* LSIntercessionUpdateCell.xib */; };
		ED9815961CDB75F500CF7944 /* UIViewController+ProgressHUD.m in Sources */ = {isa = PBXBuildFile; fileRef = ED9815951CDB75F500CF7944 /* UIViewController+ProgressHUD.m */; };
		ED98159A1CDB848500CF7944 /* LSServiceCenter.m in Sources */ = {isa = PBXBuildFile; fileRef = ED9815991CDB848500CF7944 /* LSServiceCenter.m */; };
		EDB797DA1CDDC2E4005CB768 /* LSUserAuthItem.m in Sources */ = {isa = PBXBuildFile; fileRef = EDB797D91CDDC2E4005CB768 /* LSUserAuthItem.m */; };
		EDC02E831CEBF79F0049114B /* LSIntercessionTableViewController.m in Sources */ = {isa = PBXBuildFile; fileRef = EDC02E811CEBF79F0049114B /* LSIntercessionTableViewController.m */; };
		EDC02E881CEC0F890049114B /* LSIntercessionCell.m in Sources */ = {isa = PBXBuildFile; fileRef = EDC02E861CEC0F890049114B /* LSIntercessionCell.m */; };
		EDC02E891CEC0F890049114B /* LSIntercessionCell.xib in Resources */ = {isa = PBXBuildFile; fileRef = EDC02E871CEC0F890049114B /* LSIntercessionCell.xib */; };
		EDC958A91CC5109A00D51CA5 /* LSBookDetailCell.xib in Resources */ = {isa = PBXBuildFile; fileRef = EDC958A81CC5109A00D51CA5 /* LSBookDetailCell.xib */; };
		EDC958AF1CC5186300D51CA5 /* LSCollectionViewFlowLayout.m in Sources */ = {isa = PBXBuildFile; fileRef = EDC958AE1CC5186300D51CA5 /* LSCollectionViewFlowLayout.m */; };
		EDCF45C11CEC97DE00AA7E56 /* LSCircleImageView.m in Sources */ = {isa = PBXBuildFile; fileRef = EDCF45C01CEC97DE00AA7E56 /* LSCircleImageView.m */; };
		EDD623291CF2B08300C2C1FC /* LSDatePickerView.m in Sources */ = {isa = PBXBuildFile; fileRef = EDD623281CF2B08300C2C1FC /* LSDatePickerView.m */; };
		EDD856201CEDE47F00DB7B8D /* LSIntercessionDetailTableViewController.m in Sources */ = {isa = PBXBuildFile; fileRef = EDD8561E1CEDE47F00DB7B8D /* LSIntercessionDetailTableViewController.m */; };
		EDDC2E681CD2478B0054E4DD /* LSBibleNoteView.xib in Resources */ = {isa = PBXBuildFile; fileRef = EDDC2E671CD2478B0054E4DD /* LSBibleNoteView.xib */; };
		EDFA40901CC123D80054E77C /* LSUserTableViewController.m in Sources */ = {isa = PBXBuildFile; fileRef = EDFA408F1CC123D80054E77C /* LSUserTableViewController.m */; };
		EDFA40931CC132620054E77C /* LSDiscoveryTableViewController.m in Sources */ = {isa = PBXBuildFile; fileRef = EDFA40921CC132620054E77C /* LSDiscoveryTableViewController.m */; };
		EDFA40971CC134A00054E77C /* LSBibleViewController.m in Sources */ = {isa = PBXBuildFile; fileRef = EDFA40961CC134A00054E77C /* LSBibleViewController.m */; };
		EDFA409A1CC139D90054E77C /* LSMainTabBarController.m in Sources */ = {isa = PBXBuildFile; fileRef = EDFA40991CC139D90054E77C /* LSMainTabBarController.m */; };
		EDFFE9661CF523EA004868E1 /* LSIntercessionPublishRequestItem.m in Sources */ = {isa = PBXBuildFile; fileRef = EDFFE9651CF523EA004868E1 /* LSIntercessionPublishRequestItem.m */; };
/* End PBXBuildFile section */

/* Begin PBXFileReference section */
		17024251391FD01DFA5B3037 /* Pods_LiveStone.framework */ = {isa = PBXFileReference; explicitFileType = wrapper.framework; includeInIndex = 0; path = Pods_LiveStone.framework; sourceTree = BUILT_PRODUCTS_DIR; };
		1F9273472F373C42AD669316 /* Pods-LiveStone.debug.xcconfig */ = {isa = PBXFileReference; includeInIndex = 1; lastKnownFileType = text.xcconfig; name = "Pods-LiveStone.debug.xcconfig"; path = "Pods/Target Support Files/Pods-LiveStone/Pods-LiveStone.debug.xcconfig"; sourceTree = "<group>"; };
		30F2FDAF1E60F44AAA4FC4F1 /* Pods-LiveStone.release.xcconfig */ = {isa = PBXFileReference; includeInIndex = 1; lastKnownFileType = text.xcconfig; name = "Pods-LiveStone.release.xcconfig"; path = "Pods/Target Support Files/Pods-LiveStone/Pods-LiveStone.release.xcconfig"; sourceTree = "<group>"; };
		ED0221BD1CC32FC1004D6514 /* TestTableViewController.h */ = {isa = PBXFileReference; fileEncoding = 4; lastKnownFileType = sourcecode.c.h; path = TestTableViewController.h; sourceTree = "<group>"; };
		ED0221BE1CC32FC1004D6514 /* TestTableViewController.m */ = {isa = PBXFileReference; fileEncoding = 4; lastKnownFileType = sourcecode.c.objc; path = TestTableViewController.m; sourceTree = "<group>"; };
		ED0221C21CC330A4004D6514 /* TableCellView.h */ = {isa = PBXFileReference; fileEncoding = 4; lastKnownFileType = sourcecode.c.h; path = TableCellView.h; sourceTree = "<group>"; };
		ED0221C31CC330A4004D6514 /* TableCellView.m */ = {isa = PBXFileReference; fileEncoding = 4; lastKnownFileType = sourcecode.c.objc; path = TableCellView.m; sourceTree = "<group>"; };
		ED0221C51CC330BB004D6514 /* TableCellView.xib */ = {isa = PBXFileReference; fileEncoding = 4; lastKnownFileType = file.xib; path = TableCellView.xib; sourceTree = "<group>"; };
		ED0221C71CC33424004D6514 /* TestContactsSearchResultController.h */ = {isa = PBXFileReference; fileEncoding = 4; lastKnownFileType = sourcecode.c.h; path = TestContactsSearchResultController.h; sourceTree = "<group>"; };
		ED0221C81CC33424004D6514 /* TestContactsSearchResultController.m */ = {isa = PBXFileReference; fileEncoding = 4; lastKnownFileType = sourcecode.c.objc; path = TestContactsSearchResultController.m; sourceTree = "<group>"; };
		ED0221CD1CC35516004D6514 /* PrefixHeader.pch */ = {isa = PBXFileReference; lastKnownFileType = sourcecode.c.h; path = PrefixHeader.pch; sourceTree = "<group>"; };
		ED0221D81CC37956004D6514 /* CCSimpleTools.h */ = {isa = PBXFileReference; fileEncoding = 4; lastKnownFileType = sourcecode.c.h; path = CCSimpleTools.h; sourceTree = "<group>"; };
		ED0221D91CC37956004D6514 /* CCSimpleTools.m */ = {isa = PBXFileReference; fileEncoding = 4; lastKnownFileType = sourcecode.c.objc; path = CCSimpleTools.m; sourceTree = "<group>"; };
		ED0221DB1CC37CAC004D6514 /* LSBookCollectionViewCell.xib */ = {isa = PBXFileReference; fileEncoding = 4; lastKnownFileType = file.xib; path = LSBookCollectionViewCell.xib; sourceTree = "<group>"; };
		ED029CE61CDABD9C00B76272 /* LSJoinUsViewController.h */ = {isa = PBXFileReference; fileEncoding = 4; lastKnownFileType = sourcecode.c.h; path = LSJoinUsViewController.h; sourceTree = "<group>"; };
		ED029CE71CDABD9C00B76272 /* LSJoinUsViewController.m */ = {isa = PBXFileReference; fileEncoding = 4; lastKnownFileType = sourcecode.c.objc; path = LSJoinUsViewController.m; sourceTree = "<group>"; };
		ED029CE81CDABD9C00B76272 /* LSJoinUsViewController.xib */ = {isa = PBXFileReference; fileEncoding = 4; lastKnownFileType = file.xib; path = LSJoinUsViewController.xib; sourceTree = "<group>"; };
		ED064A171CE3103F00FA2745 /* LSTimePanelViewCell.xib */ = {isa = PBXFileReference; fileEncoding = 4; lastKnownFileType = file.xib; path = LSTimePanelViewCell.xib; sourceTree = "<group>"; };
		ED08C3F51CCEE3DB00AAC7AA /* huoshi.db */ = {isa = PBXFileReference; lastKnownFileType = file; path = huoshi.db; sourceTree = "<group>"; };
		ED17E72F1CD1819600F6F6CF /* LSBibleItem.h */ = {isa = PBXFileReference; fileEncoding = 4; lastKnownFileType = sourcecode.c.h; path = LSBibleItem.h; sourceTree = "<group>"; };
		ED17E7301CD1819600F6F6CF /* LSBibleItem.m */ = {isa = PBXFileReference; fileEncoding = 4; lastKnownFileType = sourcecode.c.objc; path = LSBibleItem.m; sourceTree = "<group>"; };
		ED17E7321CD18EE500F6F6CF /* LSBibleContentCell.xib */ = {isa = PBXFileReference; fileEncoding = 4; lastKnownFileType = file.xib; path = LSBibleContentCell.xib; sourceTree = "<group>"; };
		ED17E7341CD18F0800F6F6CF /* LSBibleTitleCell.xib */ = {isa = PBXFileReference; fileEncoding = 4; lastKnownFileType = file.xib; path = LSBibleTitleCell.xib; sourceTree = "<group>"; };
		ED1D09661CD96E1900C215DD /* LSRegisterViewController.h */ = {isa = PBXFileReference; fileEncoding = 4; lastKnownFileType = sourcecode.c.h; path = LSRegisterViewController.h; sourceTree = "<group>"; };
		ED1D09671CD96E1900C215DD /* LSRegisterViewController.m */ = {isa = PBXFileReference; fileEncoding = 4; lastKnownFileType = sourcecode.c.objc; path = LSRegisterViewController.m; sourceTree = "<group>"; };
		ED2030541CC99AD800369ACE /* LSBibleCollectionView.h */ = {isa = PBXFileReference; fileEncoding = 4; lastKnownFileType = sourcecode.c.h; path = LSBibleCollectionView.h; sourceTree = "<group>"; };
		ED2030551CC99AD800369ACE /* LSBibleCollectionView.m */ = {isa = PBXFileReference; fileEncoding = 4; lastKnownFileType = sourcecode.c.objc; path = LSBibleCollectionView.m; sourceTree = "<group>"; };
		ED2030571CC9ABD100369ACE /* LSBookChapterCell.h */ = {isa = PBXFileReference; fileEncoding = 4; lastKnownFileType = sourcecode.c.h; path = LSBookChapterCell.h; sourceTree = "<group>"; };
		ED2030581CC9ABD100369ACE /* LSBookChapterCell.m */ = {isa = PBXFileReference; fileEncoding = 4; lastKnownFileType = sourcecode.c.objc; path = LSBookChapterCell.m; sourceTree = "<group>"; };
		ED2076C71CF0888100D5BD4B /* LSIntercessionUpdateOrBlessViewController.h */ = {isa = PBXFileReference; fileEncoding = 4; lastKnownFileType = sourcecode.c.h; path = LSIntercessionUpdateOrBlessViewController.h; sourceTree = "<group>"; };
		ED2076C81CF0888100D5BD4B /* LSIntercessionUpdateOrBlessViewController.m */ = {isa = PBXFileReference; fileEncoding = 4; lastKnownFileType = sourcecode.c.objc; path = LSIntercessionUpdateOrBlessViewController.m; sourceTree = "<group>"; };
		ED2076ED1CF0A04D00D5BD4B /* UIPlaceHolderTextView.h */ = {isa = PBXFileReference; fileEncoding = 4; lastKnownFileType = sourcecode.c.h; path = UIPlaceHolderTextView.h; sourceTree = "<group>"; };
		ED2076EE1CF0A04D00D5BD4B /* UIPlaceHolderTextView.m */ = {isa = PBXFileReference; fileEncoding = 4; lastKnownFileType = sourcecode.c.objc; path = UIPlaceHolderTextView.m; sourceTree = "<group>"; };
		ED2076F01CF0A9D500D5BD4B /* LSIntercessionPublishViewController.h */ = {isa = PBXFileReference; fileEncoding = 4; lastKnownFileType = sourcecode.c.h; path = LSIntercessionPublishViewController.h; sourceTree = "<group>"; };
		ED2076F11CF0A9D500D5BD4B /* LSIntercessionPublishViewController.m */ = {isa = PBXFileReference; fileEncoding = 4; lastKnownFileType = sourcecode.c.objc; path = LSIntercessionPublishViewController.m; sourceTree = "<group>"; };
		ED2994021CEE8A340017BC3E /* LSIntercessionWarriorCell.h */ = {isa = PBXFileReference; fileEncoding = 4; lastKnownFileType = sourcecode.c.h; path = LSIntercessionWarriorCell.h; sourceTree = "<group>"; };
		ED2994031CEE8A340017BC3E /* LSIntercessionWarriorCell.m */ = {isa = PBXFileReference; fileEncoding = 4; lastKnownFileType = sourcecode.c.objc; path = LSIntercessionWarriorCell.m; sourceTree = "<group>"; };
		ED2994041CEE8A340017BC3E /* LSIntercessionWarriorCell.xib */ = {isa = PBXFileReference; fileEncoding = 4; lastKnownFileType = file.xib; path = LSIntercessionWarriorCell.xib; sourceTree = "<group>"; };
		ED2994071CEE923B0017BC3E /* LSIntercessionBlessingCell.h */ = {isa = PBXFileReference; fileEncoding = 4; lastKnownFileType = sourcecode.c.h; path = LSIntercessionBlessingCell.h; sourceTree = "<group>"; };
		ED2994081CEE923B0017BC3E /* LSIntercessionBlessingCell.m */ = {isa = PBXFileReference; fileEncoding = 4; lastKnownFileType = sourcecode.c.objc; path = LSIntercessionBlessingCell.m; sourceTree = "<group>"; };
		ED2994091CEE923B0017BC3E /* LSIntercessionBlessingCell.xib */ = {isa = PBXFileReference; fileEncoding = 4; lastKnownFileType = file.xib; path = LSIntercessionBlessingCell.xib; sourceTree = "<group>"; };
		ED2B50BD1CD051B600B0909B /* LSChapterContentViewController.h */ = {isa = PBXFileReference; fileEncoding = 4; lastKnownFileType = sourcecode.c.h; path = LSChapterContentViewController.h; sourceTree = "<group>"; };
		ED2B50BE1CD051B600B0909B /* LSChapterContentViewController.m */ = {isa = PBXFileReference; fileEncoding = 4; lastKnownFileType = sourcecode.c.objc; path = LSChapterContentViewController.m; sourceTree = "<group>"; };
		ED358B971CC5C2C00016D1C1 /* LSBookDetailCell.h */ = {isa = PBXFileReference; fileEncoding = 4; lastKnownFileType = sourcecode.c.h; path = LSBookDetailCell.h; sourceTree = "<group>"; };
		ED358B981CC5C2C00016D1C1 /* LSBookDetailCell.m */ = {isa = PBXFileReference; fileEncoding = 4; lastKnownFileType = sourcecode.c.objc; path = LSBookDetailCell.m; sourceTree = "<group>"; };
		ED3842961CCEEA560021EA06 /* LSBibleStore.h */ = {isa = PBXFileReference; fileEncoding = 4; lastKnownFileType = sourcecode.c.h; path = LSBibleStore.h; sourceTree = "<group>"; };
		ED3842971CCEEA560021EA06 /* LSBibleStore.m */ = {isa = PBXFileReference; fileEncoding = 4; lastKnownFileType = sourcecode.c.objc; path = LSBibleStore.m; sourceTree = "<group>"; };
		ED4270401CF3E58D00B901CE /* LSIntercessionUpdateContentItem.h */ = {isa = PBXFileReference; fileEncoding = 4; lastKnownFileType = sourcecode.c.h; path = LSIntercessionUpdateContentItem.h; sourceTree = "<group>"; };
		ED4270411CF3E58D00B901CE /* LSIntercessionUpdateContentItem.m */ = {isa = PBXFileReference; fileEncoding = 4; lastKnownFileType = sourcecode.c.objc; path = LSIntercessionUpdateContentItem.m; sourceTree = "<group>"; };
		ED4270431CF3E63400B901CE /* LSBaseModel.h */ = {isa = PBXFileReference; fileEncoding = 4; lastKnownFileType = sourcecode.c.h; path = LSBaseModel.h; sourceTree = "<group>"; };
		ED4270441CF3E63400B901CE /* LSBaseModel.m */ = {isa = PBXFileReference; fileEncoding = 4; lastKnownFileType = sourcecode.c.objc; path = LSBaseModel.m; sourceTree = "<group>"; };
		ED4270461CF3E9C900B901CE /* LSIntercessorsItem.h */ = {isa = PBXFileReference; fileEncoding = 4; lastKnownFileType = sourcecode.c.h; path = LSIntercessorsItem.h; sourceTree = "<group>"; };
		ED4270471CF3E9C900B901CE /* LSIntercessorsItem.m */ = {isa = PBXFileReference; fileEncoding = 4; lastKnownFileType = sourcecode.c.objc; path = LSIntercessorsItem.m; sourceTree = "<group>"; };
		ED4270491CF3EAE300B901CE /* LSIntercessionItem.h */ = {isa = PBXFileReference; fileEncoding = 4; lastKnownFileType = sourcecode.c.h; path = LSIntercessionItem.h; sourceTree = "<group>"; };
		ED42704A1CF3EAE300B901CE /* LSIntercessionItem.m */ = {isa = PBXFileReference; fileEncoding = 4; lastKnownFileType = sourcecode.c.objc; path = LSIntercessionItem.m; sourceTree = "<group>"; };
		ED42704D1CF4294900B901CE /* LSIntercessionRequestItem.h */ = {isa = PBXFileReference; fileEncoding = 4; lastKnownFileType = sourcecode.c.h; path = LSIntercessionRequestItem.h; sourceTree = "<group>"; };
		ED42704E1CF4294900B901CE /* LSIntercessionRequestItem.m */ = {isa = PBXFileReference; fileEncoding = 4; lastKnownFileType = sourcecode.c.objc; path = LSIntercessionRequestItem.m; sourceTree = "<group>"; };
		ED4270501CF45DBE00B901CE /* UITableView+NetworkStateDisplay.h */ = {isa = PBXFileReference; fileEncoding = 4; lastKnownFileType = sourcecode.c.h; path = "UITableView+NetworkStateDisplay.h"; sourceTree = "<group>"; };
		ED4270511CF45DBE00B901CE /* UITableView+NetworkStateDisplay.m */ = {isa = PBXFileReference; fileEncoding = 4; lastKnownFileType = sourcecode.c.objc; path = "UITableView+NetworkStateDisplay.m"; sourceTree = "<group>"; };
		ED4298551CC0637000FCD799 /* LiveStone.app */ = {isa = PBXFileReference; explicitFileType = wrapper.application; includeInIndex = 0; path = LiveStone.app; sourceTree = BUILT_PRODUCTS_DIR; };
		ED4298591CC0637000FCD799 /* main.m */ = {isa = PBXFileReference; lastKnownFileType = sourcecode.c.objc; path = main.m; sourceTree = "<group>"; };
		ED42985B1CC0637000FCD799 /* AppDelegate.h */ = {isa = PBXFileReference; lastKnownFileType = sourcecode.c.h; path = AppDelegate.h; sourceTree = "<group>"; };
		ED42985C1CC0637000FCD799 /* AppDelegate.m */ = {isa = PBXFileReference; lastKnownFileType = sourcecode.c.objc; path = AppDelegate.m; sourceTree = "<group>"; };
		ED4298621CC0637000FCD799 /* Base */ = {isa = PBXFileReference; lastKnownFileType = file.storyboard; name = Base; path = Base.lproj/Main.storyboard; sourceTree = "<group>"; };
		ED4298651CC0637000FCD799 /* LiveStone.xcdatamodel */ = {isa = PBXFileReference; lastKnownFileType = wrapper.xcdatamodel; path = LiveStone.xcdatamodel; sourceTree = "<group>"; };
		ED4298671CC0637000FCD799 /* Assets.xcassets */ = {isa = PBXFileReference; lastKnownFileType = folder.assetcatalog; path = Assets.xcassets; sourceTree = "<group>"; };
		ED42986A1CC0637000FCD799 /* Base */ = {isa = PBXFileReference; lastKnownFileType = file.storyboard; name = Base; path = Base.lproj/LaunchScreen.storyboard; sourceTree = "<group>"; };
		ED42986C1CC0637000FCD799 /* Info.plist */ = {isa = PBXFileReference; lastKnownFileType = text.plist.xml; path = Info.plist; sourceTree = "<group>"; };
		ED45E7041CDC1A9C00FAC93A /* LSServiceBase.h */ = {isa = PBXFileReference; fileEncoding = 4; lastKnownFileType = sourcecode.c.h; path = LSServiceBase.h; sourceTree = "<group>"; };
		ED45E7051CDC1A9C00FAC93A /* LSServiceBase.m */ = {isa = PBXFileReference; fileEncoding = 4; lastKnownFileType = sourcecode.c.objc; path = LSServiceBase.m; sourceTree = "<group>"; };
		ED45E7071CDC2C6700FAC93A /* LSAuthService.h */ = {isa = PBXFileReference; fileEncoding = 4; lastKnownFileType = sourcecode.c.h; path = LSAuthService.h; sourceTree = "<group>"; };
		ED45E7081CDC2C6700FAC93A /* LSAuthService.m */ = {isa = PBXFileReference; fileEncoding = 4; lastKnownFileType = sourcecode.c.objc; path = LSAuthService.m; sourceTree = "<group>"; };
		ED45E70D1CDC776400FAC93A /* LSUserInfoItem.h */ = {isa = PBXFileReference; fileEncoding = 4; lastKnownFileType = sourcecode.c.h; path = LSUserInfoItem.h; sourceTree = "<group>"; };
		ED45E70E1CDC776400FAC93A /* LSUserInfoItem.m */ = {isa = PBXFileReference; fileEncoding = 4; lastKnownFileType = sourcecode.c.objc; path = LSUserInfoItem.m; sourceTree = "<group>"; };
		ED45E7101CDC807200FAC93A /* Security.framework */ = {isa = PBXFileReference; lastKnownFileType = wrapper.framework; name = Security.framework; path = System/Library/Frameworks/Security.framework; sourceTree = SDKROOT; };
		ED45E7181CDC8E4E00FAC93A /* LSIntercessionService.h */ = {isa = PBXFileReference; fileEncoding = 4; lastKnownFileType = sourcecode.c.h; path = LSIntercessionService.h; sourceTree = "<group>"; };
		ED45E7191CDC8E4E00FAC93A /* LSIntercessionService.m */ = {isa = PBXFileReference; fileEncoding = 4; lastKnownFileType = sourcecode.c.objc; path = LSIntercessionService.m; sourceTree = "<group>"; };
		ED4848F51CC85D080093E29E /* LSBookChapterCell.xib */ = {isa = PBXFileReference; fileEncoding = 4; lastKnownFileType = file.xib; path = LSBookChapterCell.xib; sourceTree = "<group>"; };
		ED4C7BE21CE94B580021D026 /* LSTimePanelViewCell.h */ = {isa = PBXFileReference; fileEncoding = 4; lastKnownFileType = sourcecode.c.h; path = LSTimePanelViewCell.h; sourceTree = "<group>"; };
		ED4C7BE31CE94B580021D026 /* LSTimePanelViewCell.m */ = {isa = PBXFileReference; fileEncoding = 4; lastKnownFileType = sourcecode.c.objc; path = LSTimePanelViewCell.m; sourceTree = "<group>"; };
		ED4CFE5E1CE427FD00A166C4 /* LSExtraService.h */ = {isa = PBXFileReference; fileEncoding = 4; lastKnownFileType = sourcecode.c.h; path = LSExtraService.h; sourceTree = "<group>"; };
		ED4CFE5F1CE427FD00A166C4 /* LSExtraService.m */ = {isa = PBXFileReference; fileEncoding = 4; lastKnownFileType = sourcecode.c.objc; path = LSExtraService.m; sourceTree = "<group>"; };
		ED4CFE611CE46AE700A166C4 /* LSUserReadingItem.h */ = {isa = PBXFileReference; fileEncoding = 4; lastKnownFileType = sourcecode.c.h; path = LSUserReadingItem.h; sourceTree = "<group>"; };
		ED4CFE621CE46AE700A166C4 /* LSUserReadingItem.m */ = {isa = PBXFileReference; fileEncoding = 4; lastKnownFileType = sourcecode.c.objc; path = LSUserReadingItem.m; sourceTree = "<group>"; };
		ED4CFE641CE47B8200A166C4 /* LSStatisticsService.h */ = {isa = PBXFileReference; fileEncoding = 4; lastKnownFileType = sourcecode.c.h; path = LSStatisticsService.h; sourceTree = "<group>"; };
		ED4CFE651CE47B8200A166C4 /* LSStatisticsService.m */ = {isa = PBXFileReference; fileEncoding = 4; lastKnownFileType = sourcecode.c.objc; path = LSStatisticsService.m; sourceTree = "<group>"; };
		ED5F94BF1CC1B83D00D8D626 /* LSLiveStoneTableViewController.h */ = {isa = PBXFileReference; fileEncoding = 4; lastKnownFileType = sourcecode.c.h; path = LSLiveStoneTableViewController.h; sourceTree = "<group>"; };
		ED5F94C01CC1B83D00D8D626 /* LSLiveStoneTableViewController.m */ = {isa = PBXFileReference; fileEncoding = 4; lastKnownFileType = sourcecode.c.objc; path = LSLiveStoneTableViewController.m; sourceTree = "<group>"; };
		ED6FD8BE1CD838DF00BA599D /* LSRegisterViewController.xib */ = {isa = PBXFileReference; fileEncoding = 4; lastKnownFileType = file.xib; path = LSRegisterViewController.xib; sourceTree = "<group>"; };
		ED7A6F701CD2FD6E00EF1592 /* UILabel+CCStringFrame.h */ = {isa = PBXFileReference; fileEncoding = 4; lastKnownFileType = sourcecode.c.h; path = "UILabel+CCStringFrame.h"; sourceTree = "<group>"; };
		ED7A6F711CD2FD6E00EF1592 /* UILabel+CCStringFrame.m */ = {isa = PBXFileReference; fileEncoding = 4; lastKnownFileType = sourcecode.c.objc; path = "UILabel+CCStringFrame.m"; sourceTree = "<group>"; };
		ED825A211CEA9C740035AD25 /* LSBibleSearchController.h */ = {isa = PBXFileReference; fileEncoding = 4; lastKnownFileType = sourcecode.c.h; path = LSBibleSearchController.h; sourceTree = "<group>"; };
		ED825A221CEA9C740035AD25 /* LSBibleSearchController.m */ = {isa = PBXFileReference; fileEncoding = 4; lastKnownFileType = sourcecode.c.objc; path = LSBibleSearchController.m; sourceTree = "<group>"; };
		ED825A241CEA9D2F0035AD25 /* LSSearchResultsController.h */ = {isa = PBXFileReference; fileEncoding = 4; lastKnownFileType = sourcecode.c.h; path = LSSearchResultsController.h; sourceTree = "<group>"; };
		ED825A251CEA9D2F0035AD25 /* LSSearchResultsController.m */ = {isa = PBXFileReference; fileEncoding = 4; lastKnownFileType = sourcecode.c.objc; path = LSSearchResultsController.m; sourceTree = "<group>"; };
		ED94FB6A1CEF27FD00ECD199 /* LSIntercessionUpdateCell.h */ = {isa = PBXFileReference; fileEncoding = 4; lastKnownFileType = sourcecode.c.h; path = LSIntercessionUpdateCell.h; sourceTree = "<group>"; };
		ED94FB6B1CEF27FD00ECD199 /* LSIntercessionUpdateCell.m */ = {isa = PBXFileReference; fileEncoding = 4; lastKnownFileType = sourcecode.c.objc; path = LSIntercessionUpdateCell.m; sourceTree = "<group>"; };
		ED94FB6C1CEF27FD00ECD199 /* LSIntercessionUpdateCell.xib */ = {isa = PBXFileReference; fileEncoding = 4; lastKnownFileType = file.xib; path = LSIntercessionUpdateCell.xib; sourceTree = "<group>"; };
		ED9815941CDB75F500CF7944 /* UIViewController+ProgressHUD.h */ = {isa = PBXFileReference; fileEncoding = 4; lastKnownFileType = sourcecode.c.h; path = "UIViewController+ProgressHUD.h"; sourceTree = "<group>"; };
		ED9815951CDB75F500CF7944 /* UIViewController+ProgressHUD.m */ = {isa = PBXFileReference; fileEncoding = 4; lastKnownFileType = sourcecode.c.objc; path = "UIViewController+ProgressHUD.m"; sourceTree = "<group>"; };
		ED9815981CDB848500CF7944 /* LSServiceCenter.h */ = {isa = PBXFileReference; fileEncoding = 4; lastKnownFileType = sourcecode.c.h; path = LSServiceCenter.h; sourceTree = "<group>"; };
		ED9815991CDB848500CF7944 /* LSServiceCenter.m */ = {isa = PBXFileReference; fileEncoding = 4; lastKnownFileType = sourcecode.c.objc; path = LSServiceCenter.m; sourceTree = "<group>"; };
		EDB797D81CDDC2E4005CB768 /* LSUserAuthItem.h */ = {isa = PBXFileReference; fileEncoding = 4; lastKnownFileType = sourcecode.c.h; path = LSUserAuthItem.h; sourceTree = "<group>"; };
		EDB797D91CDDC2E4005CB768 /* LSUserAuthItem.m */ = {isa = PBXFileReference; fileEncoding = 4; lastKnownFileType = sourcecode.c.objc; path = LSUserAuthItem.m; sourceTree = "<group>"; };
		EDC02E801CEBF79F0049114B /* LSIntercessionTableViewController.h */ = {isa = PBXFileReference; fileEncoding = 4; lastKnownFileType = sourcecode.c.h; path = LSIntercessionTableViewController.h; sourceTree = "<group>"; };
		EDC02E811CEBF79F0049114B /* LSIntercessionTableViewController.m */ = {isa = PBXFileReference; fileEncoding = 4; lastKnownFileType = sourcecode.c.objc; path = LSIntercessionTableViewController.m; sourceTree = "<group>"; };
		EDC02E851CEC0F890049114B /* LSIntercessionCell.h */ = {isa = PBXFileReference; fileEncoding = 4; lastKnownFileType = sourcecode.c.h; path = LSIntercessionCell.h; sourceTree = "<group>"; };
		EDC02E861CEC0F890049114B /* LSIntercessionCell.m */ = {isa = PBXFileReference; fileEncoding = 4; lastKnownFileType = sourcecode.c.objc; path = LSIntercessionCell.m; sourceTree = "<group>"; };
		EDC02E871CEC0F890049114B /* LSIntercessionCell.xib */ = {isa = PBXFileReference; fileEncoding = 4; lastKnownFileType = file.xib; path = LSIntercessionCell.xib; sourceTree = "<group>"; };
		EDC958A81CC5109A00D51CA5 /* LSBookDetailCell.xib */ = {isa = PBXFileReference; fileEncoding = 4; lastKnownFileType = file.xib; path = LSBookDetailCell.xib; sourceTree = "<group>"; };
		EDC958AD1CC5186300D51CA5 /* LSCollectionViewFlowLayout.h */ = {isa = PBXFileReference; fileEncoding = 4; lastKnownFileType = sourcecode.c.h; path = LSCollectionViewFlowLayout.h; sourceTree = "<group>"; };
		EDC958AE1CC5186300D51CA5 /* LSCollectionViewFlowLayout.m */ = {isa = PBXFileReference; fileEncoding = 4; lastKnownFileType = sourcecode.c.objc; path = LSCollectionViewFlowLayout.m; sourceTree = "<group>"; };
		EDCF45BF1CEC97DE00AA7E56 /* LSCircleImageView.h */ = {isa = PBXFileReference; fileEncoding = 4; lastKnownFileType = sourcecode.c.h; path = LSCircleImageView.h; sourceTree = "<group>"; };
		EDCF45C01CEC97DE00AA7E56 /* LSCircleImageView.m */ = {isa = PBXFileReference; fileEncoding = 4; lastKnownFileType = sourcecode.c.objc; path = LSCircleImageView.m; sourceTree = "<group>"; };
		EDD623271CF2B08300C2C1FC /* LSDatePickerView.h */ = {isa = PBXFileReference; fileEncoding = 4; lastKnownFileType = sourcecode.c.h; path = LSDatePickerView.h; sourceTree = "<group>"; };
		EDD623281CF2B08300C2C1FC /* LSDatePickerView.m */ = {isa = PBXFileReference; fileEncoding = 4; lastKnownFileType = sourcecode.c.objc; path = LSDatePickerView.m; sourceTree = "<group>"; };
		EDD8561D1CEDE47F00DB7B8D /* LSIntercessionDetailTableViewController.h */ = {isa = PBXFileReference; fileEncoding = 4; lastKnownFileType = sourcecode.c.h; path = LSIntercessionDetailTableViewController.h; sourceTree = "<group>"; };
		EDD8561E1CEDE47F00DB7B8D /* LSIntercessionDetailTableViewController.m */ = {isa = PBXFileReference; fileEncoding = 4; lastKnownFileType = sourcecode.c.objc; path = LSIntercessionDetailTableViewController.m; sourceTree = "<group>"; };
		EDDC2E671CD2478B0054E4DD /* LSBibleNoteView.xib */ = {isa = PBXFileReference; fileEncoding = 4; lastKnownFileType = file.xib; path = LSBibleNoteView.xib; sourceTree = "<group>"; };
		EDFA408E1CC123D80054E77C /* LSUserTableViewController.h */ = {isa = PBXFileReference; fileEncoding = 4; lastKnownFileType = sourcecode.c.h; path = LSUserTableViewController.h; sourceTree = "<group>"; };
		EDFA408F1CC123D80054E77C /* LSUserTableViewController.m */ = {isa = PBXFileReference; fileEncoding = 4; lastKnownFileType = sourcecode.c.objc; path = LSUserTableViewController.m; sourceTree = "<group>"; };
		EDFA40911CC132620054E77C /* LSDiscoveryTableViewController.h */ = {isa = PBXFileReference; fileEncoding = 4; lastKnownFileType = sourcecode.c.h; path = LSDiscoveryTableViewController.h; sourceTree = "<group>"; };
		EDFA40921CC132620054E77C /* LSDiscoveryTableViewController.m */ = {isa = PBXFileReference; fileEncoding = 4; lastKnownFileType = sourcecode.c.objc; path = LSDiscoveryTableViewController.m; sourceTree = "<group>"; };
		EDFA40951CC134A00054E77C /* LSBibleViewController.h */ = {isa = PBXFileReference; fileEncoding = 4; lastKnownFileType = sourcecode.c.h; path = LSBibleViewController.h; sourceTree = "<group>"; };
		EDFA40961CC134A00054E77C /* LSBibleViewController.m */ = {isa = PBXFileReference; fileEncoding = 4; lastKnownFileType = sourcecode.c.objc; path = LSBibleViewController.m; sourceTree = "<group>"; };
		EDFA40981CC139D90054E77C /* LSMainTabBarController.h */ = {isa = PBXFileReference; fileEncoding = 4; lastKnownFileType = sourcecode.c.h; path = LSMainTabBarController.h; sourceTree = "<group>"; };
		EDFA40991CC139D90054E77C /* LSMainTabBarController.m */ = {isa = PBXFileReference; fileEncoding = 4; lastKnownFileType = sourcecode.c.objc; path = LSMainTabBarController.m; sourceTree = "<group>"; };
		EDFFE9641CF523EA004868E1 /* LSIntercessionPublishRequestItem.h */ = {isa = PBXFileReference; fileEncoding = 4; lastKnownFileType = sourcecode.c.h; path = LSIntercessionPublishRequestItem.h; sourceTree = "<group>"; };
		EDFFE9651CF523EA004868E1 /* LSIntercessionPublishRequestItem.m */ = {isa = PBXFileReference; fileEncoding = 4; lastKnownFileType = sourcecode.c.objc; path = LSIntercessionPublishRequestItem.m; sourceTree = "<group>"; };
/* End PBXFileReference section */

/* Begin PBXFrameworksBuildPhase section */
		ED4298521CC0637000FCD799 /* Frameworks */ = {
			isa = PBXFrameworksBuildPhase;
			buildActionMask = 2147483647;
			files = (
				48F3E0FA307752BF66939D0A /* Pods_LiveStone.framework in Frameworks */,
			);
			runOnlyForDeploymentPostprocessing = 0;
		};
/* End PBXFrameworksBuildPhase section */

/* Begin PBXGroup section */
		1A4278716FE80B907DE968DC /* Pods */ = {
			isa = PBXGroup;
			children = (
				1F9273472F373C42AD669316 /* Pods-LiveStone.debug.xcconfig */,
				30F2FDAF1E60F44AAA4FC4F1 /* Pods-LiveStone.release.xcconfig */,
			);
			name = Pods;
			sourceTree = "<group>";
		};
		EB884FBB348E237927AA1146 /* Frameworks */ = {
			isa = PBXGroup;
			children = (
				ED45E7101CDC807200FAC93A /* Security.framework */,
				17024251391FD01DFA5B3037 /* Pods_LiveStone.framework */,
			);
			name = Frameworks;
			sourceTree = "<group>";
		};
		ED0221CA1CC3389E004D6514 /* Bible */ = {
			isa = PBXGroup;
			children = (
				ED2B50C31CD051D200B0909B /* Book */,
				ED2B50C21CD051C000B0909B /* Content */,
			);
			name = Bible;
			sourceTree = "<group>";
		};
		ED0221CE1CC3771F004D6514 /* Tools */ = {
			isa = PBXGroup;
			children = (
				ED9815941CDB75F500CF7944 /* UIViewController+ProgressHUD.h */,
				ED9815951CDB75F500CF7944 /* UIViewController+ProgressHUD.m */,
				ED0221D81CC37956004D6514 /* CCSimpleTools.h */,
				ED0221D91CC37956004D6514 /* CCSimpleTools.m */,
				ED7A6F701CD2FD6E00EF1592 /* UILabel+CCStringFrame.h */,
				ED7A6F711CD2FD6E00EF1592 /* UILabel+CCStringFrame.m */,
				ED4270501CF45DBE00B901CE /* UITableView+NetworkStateDisplay.h */,
				ED4270511CF45DBE00B901CE /* UITableView+NetworkStateDisplay.m */,
			);
			name = Tools;
			sourceTree = "<group>";
		};
		ED029CE51CDABD7200B76272 /* Register */ = {
			isa = PBXGroup;
			children = (
				ED1D09661CD96E1900C215DD /* LSRegisterViewController.h */,
				ED1D09671CD96E1900C215DD /* LSRegisterViewController.m */,
				ED6FD8BE1CD838DF00BA599D /* LSRegisterViewController.xib */,
				ED029CE61CDABD9C00B76272 /* LSJoinUsViewController.h */,
				ED029CE71CDABD9C00B76272 /* LSJoinUsViewController.m */,
				ED029CE81CDABD9C00B76272 /* LSJoinUsViewController.xib */,
			);
			name = Register;
			sourceTree = "<group>";
		};
		ED064A161CE30FBB00FA2745 /* LiveStone */ = {
			isa = PBXGroup;
			children = (
				ED5F94BF1CC1B83D00D8D626 /* LSLiveStoneTableViewController.h */,
				ED5F94C01CC1B83D00D8D626 /* LSLiveStoneTableViewController.m */,
				ED4C7BE21CE94B580021D026 /* LSTimePanelViewCell.h */,
				ED4C7BE31CE94B580021D026 /* LSTimePanelViewCell.m */,
				ED064A171CE3103F00FA2745 /* LSTimePanelViewCell.xib */,
			);
			name = LiveStone;
			sourceTree = "<group>";
		};
		ED17E72E1CD1816C00F6F6CF /* Model */ = {
			isa = PBXGroup;
			children = (
				ED42704C1CF4291D00B901CE /* Request */,
				ED3842961CCEEA560021EA06 /* LSBibleStore.h */,
				ED3842971CCEEA560021EA06 /* LSBibleStore.m */,
				ED17E72F1CD1819600F6F6CF /* LSBibleItem.h */,
				ED17E7301CD1819600F6F6CF /* LSBibleItem.m */,
				ED45E70D1CDC776400FAC93A /* LSUserInfoItem.h */,
				ED45E70E1CDC776400FAC93A /* LSUserInfoItem.m */,
				EDB797D81CDDC2E4005CB768 /* LSUserAuthItem.h */,
				EDB797D91CDDC2E4005CB768 /* LSUserAuthItem.m */,
				ED4CFE611CE46AE700A166C4 /* LSUserReadingItem.h */,
				ED4CFE621CE46AE700A166C4 /* LSUserReadingItem.m */,
				ED4270431CF3E63400B901CE /* LSBaseModel.h */,
				ED4270441CF3E63400B901CE /* LSBaseModel.m */,
				ED4270401CF3E58D00B901CE /* LSIntercessionUpdateContentItem.h */,
				ED4270411CF3E58D00B901CE /* LSIntercessionUpdateContentItem.m */,
				ED4270461CF3E9C900B901CE /* LSIntercessorsItem.h */,
				ED4270471CF3E9C900B901CE /* LSIntercessorsItem.m */,
				ED4270491CF3EAE300B901CE /* LSIntercessionItem.h */,
				ED42704A1CF3EAE300B901CE /* LSIntercessionItem.m */,
			);
			name = Model;
			sourceTree = "<group>";
		};
		ED2B50C21CD051C000B0909B /* Content */ = {
			isa = PBXGroup;
			children = (
				ED2B50BD1CD051B600B0909B /* LSChapterContentViewController.h */,
				ED2B50BE1CD051B600B0909B /* LSChapterContentViewController.m */,
				ED17E7321CD18EE500F6F6CF /* LSBibleContentCell.xib */,
				ED17E7341CD18F0800F6F6CF /* LSBibleTitleCell.xib */,
				EDDC2E671CD2478B0054E4DD /* LSBibleNoteView.xib */,
			);
			name = Content;
			sourceTree = "<group>";
		};
		ED2B50C31CD051D200B0909B /* Book */ = {
			isa = PBXGroup;
			children = (
				EDFA40951CC134A00054E77C /* LSBibleViewController.h */,
				EDFA40961CC134A00054E77C /* LSBibleViewController.m */,
				ED2030541CC99AD800369ACE /* LSBibleCollectionView.h */,
				ED2030551CC99AD800369ACE /* LSBibleCollectionView.m */,
				ED358B971CC5C2C00016D1C1 /* LSBookDetailCell.h */,
				ED358B981CC5C2C00016D1C1 /* LSBookDetailCell.m */,
				EDC958A81CC5109A00D51CA5 /* LSBookDetailCell.xib */,
				ED2030571CC9ABD100369ACE /* LSBookChapterCell.h */,
				ED2030581CC9ABD100369ACE /* LSBookChapterCell.m */,
				ED4848F51CC85D080093E29E /* LSBookChapterCell.xib */,
				ED0221DB1CC37CAC004D6514 /* LSBookCollectionViewCell.xib */,
				EDC958AD1CC5186300D51CA5 /* LSCollectionViewFlowLayout.h */,
				EDC958AE1CC5186300D51CA5 /* LSCollectionViewFlowLayout.m */,
			);
			name = Book;
			sourceTree = "<group>";
		};
		ED42704C1CF4291D00B901CE /* Request */ = {
			isa = PBXGroup;
			children = (
				ED42704D1CF4294900B901CE /* LSIntercessionRequestItem.h */,
				ED42704E1CF4294900B901CE /* LSIntercessionRequestItem.m */,
				EDFFE9641CF523EA004868E1 /* LSIntercessionPublishRequestItem.h */,
				EDFFE9651CF523EA004868E1 /* LSIntercessionPublishRequestItem.m */,
			);
			name = Request;
			sourceTree = "<group>";
		};
		ED42984C1CC0637000FCD799 = {
			isa = PBXGroup;
			children = (
				ED4298571CC0637000FCD799 /* LiveStone */,
				ED4298561CC0637000FCD799 /* Products */,
				1A4278716FE80B907DE968DC /* Pods */,
				EB884FBB348E237927AA1146 /* Frameworks */,
			);
			sourceTree = "<group>";
		};
		ED4298561CC0637000FCD799 /* Products */ = {
			isa = PBXGroup;
			children = (
				ED4298551CC0637000FCD799 /* LiveStone.app */,
			);
			name = Products;
			sourceTree = "<group>";
		};
		ED4298571CC0637000FCD799 /* LiveStone */ = {
			isa = PBXGroup;
			children = (
				ED0221CE1CC3771F004D6514 /* Tools */,
				ED4298761CC07DB400FCD799 /* ThirdLib */,
				ED4298771CC07DBC00FCD799 /* Classes */,
				EDFA408D1CC11A450054E77C /* UI */,
				ED4298581CC0637000FCD799 /* Supporting Files */,
			);
			path = LiveStone;
			sourceTree = "<group>";
		};
		ED4298581CC0637000FCD799 /* Supporting Files */ = {
			isa = PBXGroup;
			children = (
				ED08C3F51CCEE3DB00AAC7AA /* huoshi.db */,
				ED4298591CC0637000FCD799 /* main.m */,
				ED42985B1CC0637000FCD799 /* AppDelegate.h */,
				ED42985C1CC0637000FCD799 /* AppDelegate.m */,
				ED4298611CC0637000FCD799 /* Main.storyboard */,
				ED4298671CC0637000FCD799 /* Assets.xcassets */,
				ED4298691CC0637000FCD799 /* LaunchScreen.storyboard */,
				ED42986C1CC0637000FCD799 /* Info.plist */,
				ED4298641CC0637000FCD799 /* LiveStone.xcdatamodeld */,
				ED0221BD1CC32FC1004D6514 /* TestTableViewController.h */,
				ED0221BE1CC32FC1004D6514 /* TestTableViewController.m */,
				ED0221C21CC330A4004D6514 /* TableCellView.h */,
				ED0221C31CC330A4004D6514 /* TableCellView.m */,
				ED0221C51CC330BB004D6514 /* TableCellView.xib */,
				ED0221C71CC33424004D6514 /* TestContactsSearchResultController.h */,
				ED0221C81CC33424004D6514 /* TestContactsSearchResultController.m */,
				ED0221CD1CC35516004D6514 /* PrefixHeader.pch */,
			);
			name = "Supporting Files";
			sourceTree = "<group>";
		};
		ED4298761CC07DB400FCD799 /* ThirdLib */ = {
			isa = PBXGroup;
			children = (
			);
			path = ThirdLib;
			sourceTree = "<group>";
		};
		ED4298771CC07DBC00FCD799 /* Classes */ = {
			isa = PBXGroup;
			children = (
				ED17E72E1CD1816C00F6F6CF /* Model */,
				ED9815971CDB83C800CF7944 /* Service */,
			);
			name = Classes;
			sourceTree = "<group>";
		};
		ED9815971CDB83C800CF7944 /* Service */ = {
			isa = PBXGroup;
			children = (
				ED9815981CDB848500CF7944 /* LSServiceCenter.h */,
				ED9815991CDB848500CF7944 /* LSServiceCenter.m */,
				ED45E7041CDC1A9C00FAC93A /* LSServiceBase.h */,
				ED45E7051CDC1A9C00FAC93A /* LSServiceBase.m */,
				ED45E7071CDC2C6700FAC93A /* LSAuthService.h */,
				ED45E7081CDC2C6700FAC93A /* LSAuthService.m */,
				ED45E7181CDC8E4E00FAC93A /* LSIntercessionService.h */,
				ED45E7191CDC8E4E00FAC93A /* LSIntercessionService.m */,
				ED4CFE5E1CE427FD00A166C4 /* LSExtraService.h */,
				ED4CFE5F1CE427FD00A166C4 /* LSExtraService.m */,
				ED4CFE641CE47B8200A166C4 /* LSStatisticsService.h */,
				ED4CFE651CE47B8200A166C4 /* LSStatisticsService.m */,
			);
			name = Service;
			sourceTree = "<group>";
		};
		EDC02E7F1CEBF3F30049114B /* Prayer */ = {
			isa = PBXGroup;
			children = (
				EDC02E801CEBF79F0049114B /* LSIntercessionTableViewController.h */,
				EDC02E811CEBF79F0049114B /* LSIntercessionTableViewController.m */,
				EDD8561D1CEDE47F00DB7B8D /* LSIntercessionDetailTableViewController.h */,
				EDD8561E1CEDE47F00DB7B8D /* LSIntercessionDetailTableViewController.m */,
				ED2076C71CF0888100D5BD4B /* LSIntercessionUpdateOrBlessViewController.h */,
				ED2076C81CF0888100D5BD4B /* LSIntercessionUpdateOrBlessViewController.m */,
				ED2076F01CF0A9D500D5BD4B /* LSIntercessionPublishViewController.h */,
				ED2076F11CF0A9D500D5BD4B /* LSIntercessionPublishViewController.m */,
				EDC02E851CEC0F890049114B /* LSIntercessionCell.h */,
				EDC02E861CEC0F890049114B /* LSIntercessionCell.m */,
				EDC02E871CEC0F890049114B /* LSIntercessionCell.xib */,
				ED2994021CEE8A340017BC3E /* LSIntercessionWarriorCell.h */,
				ED2994031CEE8A340017BC3E /* LSIntercessionWarriorCell.m */,
				ED2994041CEE8A340017BC3E /* LSIntercessionWarriorCell.xib */,
				ED2994071CEE923B0017BC3E /* LSIntercessionBlessingCell.h */,
				ED2994081CEE923B0017BC3E /* LSIntercessionBlessingCell.m */,
				ED2994091CEE923B0017BC3E /* LSIntercessionBlessingCell.xib */,
				ED94FB6A1CEF27FD00ECD199 /* LSIntercessionUpdateCell.h */,
				ED94FB6B1CEF27FD00ECD199 /* LSIntercessionUpdateCell.m */,
				ED94FB6C1CEF27FD00ECD199 /* LSIntercessionUpdateCell.xib */,
			);
			name = Prayer;
			sourceTree = "<group>";
		};
		EDCF45BE1CEC96D600AA7E56 /* CustomUIElement */ = {
			isa = PBXGroup;
			children = (
				EDCF45BF1CEC97DE00AA7E56 /* LSCircleImageView.h */,
				EDCF45C01CEC97DE00AA7E56 /* LSCircleImageView.m */,
				ED2076ED1CF0A04D00D5BD4B /* UIPlaceHolderTextView.h */,
				ED2076EE1CF0A04D00D5BD4B /* UIPlaceHolderTextView.m */,
				EDD623271CF2B08300C2C1FC /* LSDatePickerView.h */,
				EDD623281CF2B08300C2C1FC /* LSDatePickerView.m */,
			);
			name = CustomUIElement;
			sourceTree = "<group>";
		};
		EDFA408D1CC11A450054E77C /* UI */ = {
			isa = PBXGroup;
			children = (
				EDCF45BE1CEC96D600AA7E56 /* CustomUIElement */,
				EDC02E7F1CEBF3F30049114B /* Prayer */,
				ED064A161CE30FBB00FA2745 /* LiveStone */,
				ED029CE51CDABD7200B76272 /* Register */,
				ED0221CA1CC3389E004D6514 /* Bible */,
				EDFA408E1CC123D80054E77C /* LSUserTableViewController.h */,
				EDFA408F1CC123D80054E77C /* LSUserTableViewController.m */,
				EDFA40911CC132620054E77C /* LSDiscoveryTableViewController.h */,
				EDFA40921CC132620054E77C /* LSDiscoveryTableViewController.m */,
				EDFA40981CC139D90054E77C /* LSMainTabBarController.h */,
				EDFA40991CC139D90054E77C /* LSMainTabBarController.m */,
				ED825A211CEA9C740035AD25 /* LSBibleSearchController.h */,
				ED825A221CEA9C740035AD25 /* LSBibleSearchController.m */,
				ED825A241CEA9D2F0035AD25 /* LSSearchResultsController.h */,
				ED825A251CEA9D2F0035AD25 /* LSSearchResultsController.m */,
			);
			name = UI;
			sourceTree = "<group>";
		};
/* End PBXGroup section */

/* Begin PBXNativeTarget section */
		ED4298541CC0637000FCD799 /* LiveStone */ = {
			isa = PBXNativeTarget;
			buildConfigurationList = ED42986F1CC0637000FCD799 /* Build configuration list for PBXNativeTarget "LiveStone" */;
			buildPhases = (
				8F1BBBE4D7D2A9C5F3D96BD2 /* Check Pods Manifest.lock */,
				ED4298511CC0637000FCD799 /* Sources */,
				ED4298521CC0637000FCD799 /* Frameworks */,
				ED4298531CC0637000FCD799 /* Resources */,
				55EF5B8A06BDFC6F52ECAA85 /* Embed Pods Frameworks */,
				E36876D09878F3207E9FF855 /* Copy Pods Resources */,
			);
			buildRules = (
			);
			dependencies = (
			);
			name = LiveStone;
			productName = LiveStone;
			productReference = ED4298551CC0637000FCD799 /* LiveStone.app */;
			productType = "com.apple.product-type.application";
		};
/* End PBXNativeTarget section */

/* Begin PBXProject section */
		ED42984D1CC0637000FCD799 /* Project object */ = {
			isa = PBXProject;
			attributes = {
				LastUpgradeCheck = 0730;
				ORGANIZATIONNAME = Cocos;
				TargetAttributes = {
					ED4298541CC0637000FCD799 = {
						CreatedOnToolsVersion = 7.3;
					};
				};
			};
			buildConfigurationList = ED4298501CC0637000FCD799 /* Build configuration list for PBXProject "LiveStone" */;
			compatibilityVersion = "Xcode 3.2";
			developmentRegion = English;
			hasScannedForEncodings = 0;
			knownRegions = (
				en,
				Base,
			);
			mainGroup = ED42984C1CC0637000FCD799;
			productRefGroup = ED4298561CC0637000FCD799 /* Products */;
			projectDirPath = "";
			projectRoot = "";
			targets = (
				ED4298541CC0637000FCD799 /* LiveStone */,
			);
		};
/* End PBXProject section */

/* Begin PBXResourcesBuildPhase section */
		ED4298531CC0637000FCD799 /* Resources */ = {
			isa = PBXResourcesBuildPhase;
			buildActionMask = 2147483647;
			files = (
				ED3842991CCEF2FE0021EA06 /* huoshi.db in Resources */,
				ED42986B1CC0637000FCD799 /* LaunchScreen.storyboard in Resources */,
				ED94FB6E1CEF27FD00ECD199 /* LSIntercessionUpdateCell.xib in Resources */,
				EDC02E891CEC0F890049114B /* LSIntercessionCell.xib in Resources */,
				ED0221C61CC330BB004D6514 /* TableCellView.xib in Resources */,
				EDC958A91CC5109A00D51CA5 /* LSBookDetailCell.xib in Resources */,
				ED6FD8C01CD838DF00BA599D /* LSRegisterViewController.xib in Resources */,
				ED17E7351CD18F0800F6F6CF /* LSBibleTitleCell.xib in Resources */,
				ED4848F61CC85D080093E29E /* LSBookChapterCell.xib in Resources */,
				EDDC2E681CD2478B0054E4DD /* LSBibleNoteView.xib in Resources */,
				ED4298681CC0637000FCD799 /* Assets.xcassets in Resources */,
				ED17E7331CD18EE500F6F6CF /* LSBibleContentCell.xib in Resources */,
				ED29940B1CEE923B0017BC3E /* LSIntercessionBlessingCell.xib in Resources */,
				ED0221DC1CC37CAC004D6514 /* LSBookCollectionViewCell.xib in Resources */,
				ED4298631CC0637000FCD799 /* Main.storyboard in Resources */,
				ED064A181CE3103F00FA2745 /* LSTimePanelViewCell.xib in Resources */,
				ED029CEA1CDABD9C00B76272 /* LSJoinUsViewController.xib in Resources */,
				ED2994061CEE8A340017BC3E /* LSIntercessionWarriorCell.xib in Resources */,
			);
			runOnlyForDeploymentPostprocessing = 0;
		};
/* End PBXResourcesBuildPhase section */

/* Begin PBXShellScriptBuildPhase section */
		55EF5B8A06BDFC6F52ECAA85 /* Embed Pods Frameworks */ = {
			isa = PBXShellScriptBuildPhase;
			buildActionMask = 2147483647;
			files = (
			);
			inputPaths = (
			);
			name = "Embed Pods Frameworks";
			outputPaths = (
			);
			runOnlyForDeploymentPostprocessing = 0;
			shellPath = /bin/sh;
			shellScript = "\"${SRCROOT}/Pods/Target Support Files/Pods-LiveStone/Pods-LiveStone-frameworks.sh\"\n";
			showEnvVarsInLog = 0;
		};
		8F1BBBE4D7D2A9C5F3D96BD2 /* Check Pods Manifest.lock */ = {
			isa = PBXShellScriptBuildPhase;
			buildActionMask = 2147483647;
			files = (
			);
			inputPaths = (
			);
			name = "Check Pods Manifest.lock";
			outputPaths = (
			);
			runOnlyForDeploymentPostprocessing = 0;
			shellPath = /bin/sh;
			shellScript = "diff \"${PODS_ROOT}/../Podfile.lock\" \"${PODS_ROOT}/Manifest.lock\" > /dev/null\nif [[ $? != 0 ]] ; then\n    cat << EOM\nerror: The sandbox is not in sync with the Podfile.lock. Run 'pod install' or update your CocoaPods installation.\nEOM\n    exit 1\nfi\n";
			showEnvVarsInLog = 0;
		};
		E36876D09878F3207E9FF855 /* Copy Pods Resources */ = {
			isa = PBXShellScriptBuildPhase;
			buildActionMask = 2147483647;
			files = (
			);
			inputPaths = (
			);
			name = "Copy Pods Resources";
			outputPaths = (
			);
			runOnlyForDeploymentPostprocessing = 0;
			shellPath = /bin/sh;
			shellScript = "\"${SRCROOT}/Pods/Target Support Files/Pods-LiveStone/Pods-LiveStone-resources.sh\"\n";
			showEnvVarsInLog = 0;
		};
/* End PBXShellScriptBuildPhase section */

/* Begin PBXSourcesBuildPhase section */
		ED4298511CC0637000FCD799 /* Sources */ = {
			isa = PBXSourcesBuildPhase;
			buildActionMask = 2147483647;
			files = (
				ED1D09681CD96E1900C215DD /* LSRegisterViewController.m in Sources */,
				ED42985D1CC0637000FCD799 /* AppDelegate.m in Sources */,
				ED42704F1CF4294900B901CE /* LSIntercessionRequestItem.m in Sources */,
				ED4270481CF3E9C900B901CE /* LSIntercessorsItem.m in Sources */,
				ED2076C91CF0888100D5BD4B /* LSIntercessionUpdateOrBlessViewController.m in Sources */,
				ED0221DA1CC37956004D6514 /* CCSimpleTools.m in Sources */,
				EDFA40931CC132620054E77C /* LSDiscoveryTableViewController.m in Sources */,
				ED4CFE601CE427FD00A166C4 /* LSExtraService.m in Sources */,
				ED2076EF1CF0A04D00D5BD4B /* UIPlaceHolderTextView.m in Sources */,
				ED5F94C11CC1B83D00D8D626 /* LSLiveStoneTableViewController.m in Sources */,
				ED42704B1CF3EAE300B901CE /* LSIntercessionItem.m in Sources */,
				ED42985A1CC0637000FCD799 /* main.m in Sources */,
				ED45E70F1CDC776400FAC93A /* LSUserInfoItem.m in Sources */,
				ED4270421CF3E58D00B901CE /* LSIntercessionUpdateContentItem.m in Sources */,
				EDFA40971CC134A00054E77C /* LSBibleViewController.m in Sources */,
				ED4298661CC0637000FCD799 /* LiveStone.xcdatamodeld in Sources */,
				ED4C7BE41CE94B580021D026 /* LSTimePanelViewCell.m in Sources */,
				ED45E71A1CDC8E4E00FAC93A /* LSIntercessionService.m in Sources */,
				EDFFE9661CF523EA004868E1 /* LSIntercessionPublishRequestItem.m in Sources */,
				ED7A6F721CD2FD6E00EF1592 /* UILabel+CCStringFrame.m in Sources */,
				ED0221C91CC33424004D6514 /* TestContactsSearchResultController.m in Sources */,
				ED45E7061CDC1A9C00FAC93A /* LSServiceBase.m in Sources */,
				ED0221C41CC330A4004D6514 /* TableCellView.m in Sources */,
				ED4270451CF3E63400B901CE /* LSBaseModel.m in Sources */,
				EDCF45C11CEC97DE00AA7E56 /* LSCircleImageView.m in Sources */,
				ED2994051CEE8A340017BC3E /* LSIntercessionWarriorCell.m in Sources */,
				EDB797DA1CDDC2E4005CB768 /* LSUserAuthItem.m in Sources */,
				EDD856201CEDE47F00DB7B8D /* LSIntercessionDetailTableViewController.m in Sources */,
				EDC02E881CEC0F890049114B /* LSIntercessionCell.m in Sources */,
				ED358B991CC5C2C00016D1C1 /* LSBookDetailCell.m in Sources */,
				ED94FB6D1CEF27FD00ECD199 /* LSIntercessionUpdateCell.m in Sources */,
				EDD623291CF2B08300C2C1FC /* LSDatePickerView.m in Sources */,
				ED4270521CF45DBE00B901CE /* UITableView+NetworkStateDisplay.m in Sources */,
				ED3842981CCEEA560021EA06 /* LSBibleStore.m in Sources */,
				ED4CFE661CE47B8200A166C4 /* LSStatisticsService.m in Sources */,
				ED029CE91CDABD9C00B76272 /* LSJoinUsViewController.m in Sources */,
				EDC02E831CEBF79F0049114B /* LSIntercessionTableViewController.m in Sources */,
				ED9815961CDB75F500CF7944 /* UIViewController+ProgressHUD.m in Sources */,
				ED2076F21CF0A9D500D5BD4B /* LSIntercessionPublishViewController.m in Sources */,
				ED4CFE631CE46AE700A166C4 /* LSUserReadingItem.m in Sources */,
				ED98159A1CDB848500CF7944 /* LSServiceCenter.m in Sources */,
				ED17E7311CD1819600F6F6CF /* LSBibleItem.m in Sources */,
				ED2030561CC99AD800369ACE /* LSBibleCollectionView.m in Sources */,
				ED0221BF1CC32FC1004D6514 /* TestTableViewController.m in Sources */,
				EDFA40901CC123D80054E77C /* LSUserTableViewController.m in Sources */,
				ED825A231CEA9C740035AD25 /* LSBibleSearchController.m in Sources */,
				EDFA409A1CC139D90054E77C /* LSMainTabBarController.m in Sources */,
				ED29940A1CEE923B0017BC3E /* LSIntercessionBlessingCell.m in Sources */,
				ED45E7091CDC2C6700FAC93A /* LSAuthService.m in Sources */,
				ED2B50C01CD051B600B0909B /* LSChapterContentViewController.m in Sources */,
				ED825A261CEA9D2F0035AD25 /* LSSearchResultsController.m in Sources */,
				EDC958AF1CC5186300D51CA5 /* LSCollectionViewFlowLayout.m in Sources */,
				ED2030591CC9ABD100369ACE /* LSBookChapterCell.m in Sources */,
			);
			runOnlyForDeploymentPostprocessing = 0;
		};
/* End PBXSourcesBuildPhase section */

/* Begin PBXVariantGroup section */
		ED4298611CC0637000FCD799 /* Main.storyboard */ = {
			isa = PBXVariantGroup;
			children = (
				ED4298621CC0637000FCD799 /* Base */,
			);
			name = Main.storyboard;
			sourceTree = "<group>";
		};
		ED4298691CC0637000FCD799 /* LaunchScreen.storyboard */ = {
			isa = PBXVariantGroup;
			children = (
				ED42986A1CC0637000FCD799 /* Base */,
			);
			name = LaunchScreen.storyboard;
			sourceTree = "<group>";
		};
/* End PBXVariantGroup section */

/* Begin XCBuildConfiguration section */
		ED42986D1CC0637000FCD799 /* Debug */ = {
			isa = XCBuildConfiguration;
			buildSettings = {
				ALWAYS_SEARCH_USER_PATHS = NO;
				CLANG_ANALYZER_NONNULL = YES;
				CLANG_CXX_LANGUAGE_STANDARD = "gnu++0x";
				CLANG_CXX_LIBRARY = "libc++";
				CLANG_ENABLE_MODULES = YES;
				CLANG_ENABLE_OBJC_ARC = YES;
				CLANG_WARN_BOOL_CONVERSION = YES;
				CLANG_WARN_CONSTANT_CONVERSION = YES;
				CLANG_WARN_DIRECT_OBJC_ISA_USAGE = YES_ERROR;
				CLANG_WARN_EMPTY_BODY = YES;
				CLANG_WARN_ENUM_CONVERSION = YES;
				CLANG_WARN_INT_CONVERSION = YES;
				CLANG_WARN_OBJC_ROOT_CLASS = YES_ERROR;
				CLANG_WARN_UNREACHABLE_CODE = YES;
				CLANG_WARN__DUPLICATE_METHOD_MATCH = YES;
				"CODE_SIGN_IDENTITY[sdk=iphoneos*]" = "iPhone Developer";
				COPY_PHASE_STRIP = NO;
				DEBUG_INFORMATION_FORMAT = dwarf;
				ENABLE_STRICT_OBJC_MSGSEND = YES;
				ENABLE_TESTABILITY = YES;
				GCC_C_LANGUAGE_STANDARD = gnu99;
				GCC_DYNAMIC_NO_PIC = NO;
				GCC_NO_COMMON_BLOCKS = YES;
				GCC_OPTIMIZATION_LEVEL = 0;
				GCC_PREPROCESSOR_DEFINITIONS = (
					"DEBUG=1",
					"$(inherited)",
				);
				GCC_WARN_64_TO_32_BIT_CONVERSION = YES;
				GCC_WARN_ABOUT_RETURN_TYPE = YES_ERROR;
				GCC_WARN_UNDECLARED_SELECTOR = YES;
				GCC_WARN_UNINITIALIZED_AUTOS = YES_AGGRESSIVE;
				GCC_WARN_UNUSED_FUNCTION = YES;
				GCC_WARN_UNUSED_VARIABLE = YES;
				IPHONEOS_DEPLOYMENT_TARGET = 8.0;
				MTL_ENABLE_DEBUG_INFO = YES;
				ONLY_ACTIVE_ARCH = YES;
				SDKROOT = iphoneos;
			};
			name = Debug;
		};
		ED42986E1CC0637000FCD799 /* Release */ = {
			isa = XCBuildConfiguration;
			buildSettings = {
				ALWAYS_SEARCH_USER_PATHS = NO;
				CLANG_ANALYZER_NONNULL = YES;
				CLANG_CXX_LANGUAGE_STANDARD = "gnu++0x";
				CLANG_CXX_LIBRARY = "libc++";
				CLANG_ENABLE_MODULES = YES;
				CLANG_ENABLE_OBJC_ARC = YES;
				CLANG_WARN_BOOL_CONVERSION = YES;
				CLANG_WARN_CONSTANT_CONVERSION = YES;
				CLANG_WARN_DIRECT_OBJC_ISA_USAGE = YES_ERROR;
				CLANG_WARN_EMPTY_BODY = YES;
				CLANG_WARN_ENUM_CONVERSION = YES;
				CLANG_WARN_INT_CONVERSION = YES;
				CLANG_WARN_OBJC_ROOT_CLASS = YES_ERROR;
				CLANG_WARN_UNREACHABLE_CODE = YES;
				CLANG_WARN__DUPLICATE_METHOD_MATCH = YES;
				"CODE_SIGN_IDENTITY[sdk=iphoneos*]" = "iPhone Developer";
				COPY_PHASE_STRIP = NO;
				DEBUG_INFORMATION_FORMAT = "dwarf-with-dsym";
				ENABLE_NS_ASSERTIONS = NO;
				ENABLE_STRICT_OBJC_MSGSEND = YES;
				GCC_C_LANGUAGE_STANDARD = gnu99;
				GCC_NO_COMMON_BLOCKS = YES;
				GCC_WARN_64_TO_32_BIT_CONVERSION = YES;
				GCC_WARN_ABOUT_RETURN_TYPE = YES_ERROR;
				GCC_WARN_UNDECLARED_SELECTOR = YES;
				GCC_WARN_UNINITIALIZED_AUTOS = YES_AGGRESSIVE;
				GCC_WARN_UNUSED_FUNCTION = YES;
				GCC_WARN_UNUSED_VARIABLE = YES;
				IPHONEOS_DEPLOYMENT_TARGET = 8.0;
				MTL_ENABLE_DEBUG_INFO = NO;
				SDKROOT = iphoneos;
				VALIDATE_PRODUCT = YES;
			};
			name = Release;
		};
		ED4298701CC0637000FCD799 /* Debug */ = {
			isa = XCBuildConfiguration;
			baseConfigurationReference = 1F9273472F373C42AD669316 /* Pods-LiveStone.debug.xcconfig */;
			buildSettings = {
				ASSETCATALOG_COMPILER_APPICON_NAME = AppIcon;
				CODE_SIGN_IDENTITY = "iPhone Developer";
				"CODE_SIGN_IDENTITY[sdk=iphoneos*]" = "iPhone Developer";
				GCC_INCREASE_PRECOMPILED_HEADER_SHARING = NO;
				GCC_PRECOMPILE_PREFIX_HEADER = YES;
				GCC_PREFIX_HEADER = "$(SRCROOT)/LiveStone/PrefixHeader.pch";
				INFOPLIST_FILE = LiveStone/Info.plist;
				LD_RUNPATH_SEARCH_PATHS = "$(inherited) @executable_path/Frameworks";
				PRODUCT_BUNDLE_IDENTIFIER = org.cocos.LiveStone;
				PRODUCT_NAME = "$(TARGET_NAME)";
				PROVISIONING_PROFILE = "";
			};
			name = Debug;
		};
		ED4298711CC0637000FCD799 /* Release */ = {
			isa = XCBuildConfiguration;
			baseConfigurationReference = 30F2FDAF1E60F44AAA4FC4F1 /* Pods-LiveStone.release.xcconfig */;
			buildSettings = {
				ASSETCATALOG_COMPILER_APPICON_NAME = AppIcon;
				CODE_SIGN_IDENTITY = "iPhone Developer";
				"CODE_SIGN_IDENTITY[sdk=iphoneos*]" = "iPhone Developer";
				GCC_INCREASE_PRECOMPILED_HEADER_SHARING = NO;
				GCC_PRECOMPILE_PREFIX_HEADER = YES;
				GCC_PREFIX_HEADER = "$(SRCROOT)/LiveStone/PrefixHeader.pch";
				INFOPLIST_FILE = LiveStone/Info.plist;
				LD_RUNPATH_SEARCH_PATHS = "$(inherited) @executable_path/Frameworks";
				PRODUCT_BUNDLE_IDENTIFIER = org.cocos.LiveStone;
				PRODUCT_NAME = "$(TARGET_NAME)";
				PROVISIONING_PROFILE = "";
			};
			name = Release;
		};
/* End XCBuildConfiguration section */

/* Begin XCConfigurationList section */
		ED4298501CC0637000FCD799 /* Build configuration list for PBXProject "LiveStone" */ = {
			isa = XCConfigurationList;
			buildConfigurations = (
				ED42986D1CC0637000FCD799 /* Debug */,
				ED42986E1CC0637000FCD799 /* Release */,
			);
			defaultConfigurationIsVisible = 0;
			defaultConfigurationName = Release;
		};
		ED42986F1CC0637000FCD799 /* Build configuration list for PBXNativeTarget "LiveStone" */ = {
			isa = XCConfigurationList;
			buildConfigurations = (
				ED4298701CC0637000FCD799 /* Debug */,
				ED4298711CC0637000FCD799 /* Release */,
			);
			defaultConfigurationIsVisible = 0;
			defaultConfigurationName = Release;
		};
/* End XCConfigurationList section */

/* Begin XCVersionGroup section */
		ED4298641CC0637000FCD799 /* LiveStone.xcdatamodeld */ = {
			isa = XCVersionGroup;
			children = (
				ED4298651CC0637000FCD799 /* LiveStone.xcdatamodel */,
			);
			currentVersion = ED4298651CC0637000FCD799 /* LiveStone.xcdatamodel */;
			path = LiveStone.xcdatamodeld;
			sourceTree = "<group>";
			versionGroupType = wrapper.xcdatamodel;
		};
/* End XCVersionGroup section */
	};
	rootObject = ED42984D1CC0637000FCD799 /* Project object */;
}
